// !$*UTF8*$!
{
	archiveVersion = 1;
	classes = {
	};
	objectVersion = 46;
	objects = {

/* Begin PBXBuildFile section */
		2B4FA0F841ACEB1152934141 /* libPods-GetHotels.a in Frameworks */ = {isa = PBXBuildFile; fileRef = 91A29EB61D066B9FD83C2A3C /* libPods-GetHotels.a */; };
		6A7C04911F4B15FC003D72FB /* HotelTableViewCell.m in Sources */ = {isa = PBXBuildFile; fileRef = 6A7C04901F4B15FC003D72FB /* HotelTableViewCell.m */; };
		6A88EF641F4FE75A00EAFC64 /* CityListViewController.m in Sources */ = {isa = PBXBuildFile; fileRef = 6A88EF631F4FE75A00EAFC64 /* CityListViewController.m */; };
		6A88EF6E1F50248C00EAFC64 /* DOPDropDownMenu.m in Sources */ = {isa = PBXBuildFile; fileRef = 6A88EF6D1F50248C00EAFC64 /* DOPDropDownMenu.m */; };
		6A92F1AF1F60E0C100059F44 /* MyAviationModel.m in Sources */ = {isa = PBXBuildFile; fileRef = 6A92F1AE1F60E0C000059F44 /* MyAviationModel.m */; };
		6A958D671F4D1856008C2A7D /* HotelViewController.m in Sources */ = {isa = PBXBuildFile; fileRef = 6A958D661F4D1856008C2A7D /* HotelViewController.m */; };
		6A9BF1FC1F5CE65E001064CD /* MyIssueTableViewCell.m in Sources */ = {isa = PBXBuildFile; fileRef = 6A9BF1FB1F5CE65E001064CD /* MyIssueTableViewCell.m */; };
		6AB8B95B1F4E7E5F00E45E61 /* AAndHModel.m in Sources */ = {isa = PBXBuildFile; fileRef = 6AB8B95A1F4E7E5F00E45E61 /* AAndHModel.m */; };
		6AB8B9611F4E994600E45E61 /* CityListModel.m in Sources */ = {isa = PBXBuildFile; fileRef = 6AB8B9601F4E994600E45E61 /* CityListModel.m */; };
		844E869D1F4B12C20080C2ED /* LoginViewController.m in Sources */ = {isa = PBXBuildFile; fileRef = 844E869C1F4B12C20080C2ED /* LoginViewController.m */; };
		844E86A01F4B12E20080C2ED /* SignInViewController.m in Sources */ = {isa = PBXBuildFile; fileRef = 844E869F1F4B12E20080C2ED /* SignInViewController.m */; };
		848DEF111F4EDD0B00D03E45 /* AllOrdersTableViewCell.m in Sources */ = {isa = PBXBuildFile; fileRef = 848DEF101F4EDD0B00D03E45 /* AllOrdersTableViewCell.m */; };
		848DEF171F4EDD4F00D03E45 /* AvailableTableViewCell.m in Sources */ = {isa = PBXBuildFile; fileRef = 848DEF161F4EDD4F00D03E45 /* AvailableTableViewCell.m */; };
		848DEF1A1F4EDD6600D03E45 /* ExpiredTableViewCell.m in Sources */ = {isa = PBXBuildFile; fileRef = 848DEF191F4EDD6600D03E45 /* ExpiredTableViewCell.m */; };
		848DEF1D1F4EEE2100D03E45 /* HotelOrdersModel.m in Sources */ = {isa = PBXBuildFile; fileRef = 848DEF1C1F4EEE2100D03E45 /* HotelOrdersModel.m */; };
		B21B6C071F52A97D002F2277 /* Hotel.storyboard in Resources */ = {isa = PBXBuildFile; fileRef = B21B6C061F52A97D002F2277 /* Hotel.storyboard */; };
		B21E853A1F4E622F00C32754 /* UserModel.m in Sources */ = {isa = PBXBuildFile; fileRef = B21E85391F4E622F00C32754 /* UserModel.m */; };
		B224DB911F4C33910022C007 /* GBAlipayManager.m in Sources */ = {isa = PBXBuildFile; fileRef = B224DB7A1F4C33910022C007 /* GBAlipayManager.m */; };
		B224DB921F4C33910022C007 /* base64.m in Sources */ = {isa = PBXBuildFile; fileRef = B224DB7D1F4C33910022C007 /* base64.m */; };
		B224DB931F4C33910022C007 /* DataSigner.m in Sources */ = {isa = PBXBuildFile; fileRef = B224DB801F4C33910022C007 /* DataSigner.m */; };
		B224DB941F4C33910022C007 /* DataVerifier.m in Sources */ = {isa = PBXBuildFile; fileRef = B224DB821F4C33910022C007 /* DataVerifier.m */; };
		B224DB951F4C33910022C007 /* MD5DataSigner.m in Sources */ = {isa = PBXBuildFile; fileRef = B224DB841F4C33910022C007 /* MD5DataSigner.m */; };
		B224DB961F4C33910022C007 /* NSDataEx.m in Sources */ = {isa = PBXBuildFile; fileRef = B224DB861F4C33910022C007 /* NSDataEx.m */; };
		B224DB971F4C33910022C007 /* openssl_wrapper.m in Sources */ = {isa = PBXBuildFile; fileRef = B224DB881F4C33910022C007 /* openssl_wrapper.m */; };
		B224DB981F4C33910022C007 /* RSADataSigner.m in Sources */ = {isa = PBXBuildFile; fileRef = B224DB8A1F4C33910022C007 /* RSADataSigner.m */; };
		B224DB991F4C33910022C007 /* RSADataVerifier.m in Sources */ = {isa = PBXBuildFile; fileRef = B224DB8C1F4C33910022C007 /* RSADataVerifier.m */; };
		B224DB9A1F4C33910022C007 /* JSONS.m in Sources */ = {isa = PBXBuildFile; fileRef = B224DB8E1F4C33910022C007 /* JSONS.m */; };
		B224DB9D1F4C33D90022C007 /* Cities.plist in Resources */ = {isa = PBXBuildFile; fileRef = B224DB9C1F4C33D90022C007 /* Cities.plist */; };
		B224DBA21F4C34000022C007 /* AlipaySDK.bundle in Frameworks */ = {isa = PBXBuildFile; fileRef = B224DB9E1F4C34000022C007 /* AlipaySDK.bundle */; };
		B224DBA31F4C34000022C007 /* AlipaySDK.framework in Frameworks */ = {isa = PBXBuildFile; fileRef = B224DB9F1F4C34000022C007 /* AlipaySDK.framework */; };
		B224DBA41F4C34000022C007 /* libcrypto.a in Frameworks */ = {isa = PBXBuildFile; fileRef = B224DBA01F4C34000022C007 /* libcrypto.a */; };
		B224DBA51F4C34000022C007 /* libssl.a in Frameworks */ = {isa = PBXBuildFile; fileRef = B224DBA11F4C34000022C007 /* libssl.a */; };
		B224DBA71F4C341C0022C007 /* libz.tbd in Frameworks */ = {isa = PBXBuildFile; fileRef = B224DBA61F4C341C0022C007 /* libz.tbd */; };
		B224DBA91F4C34300022C007 /* CoreMotion.framework in Frameworks */ = {isa = PBXBuildFile; fileRef = B224DBA81F4C34300022C007 /* CoreMotion.framework */; };
		B224DBAB1F4C343E0022C007 /* CoreTelephony.framework in Frameworks */ = {isa = PBXBuildFile; fileRef = B224DBAA1F4C343E0022C007 /* CoreTelephony.framework */; };
		B224DBAE1F4C34E00022C007 /* Order.m in Sources */ = {isa = PBXBuildFile; fileRef = B224DBAD1F4C34E00022C007 /* Order.m */; };
		B224DBB11F4C46110022C007 /* MyInfoTableViewCell.m in Sources */ = {isa = PBXBuildFile; fileRef = B224DBB01F4C46110022C007 /* MyInfoTableViewCell.m */; };
		B224DBB41F4C4D370022C007 /* AirViewController.m in Sources */ = {isa = PBXBuildFile; fileRef = B224DBB31F4C4D370022C007 /* AirViewController.m */; };
		B230165E1F5CD9ED00624C04 /* aviationViewController.m in Sources */ = {isa = PBXBuildFile; fileRef = B230165D1F5CD9ED00624C04 /* aviationViewController.m */; };
		B240210E1F592A8800E4D00E /* QuoteListTableViewCell.m in Sources */ = {isa = PBXBuildFile; fileRef = B240210D1F592A8800E4D00E /* QuoteListTableViewCell.m */; };
		B24021111F59443700E4D00E /* PayViewController.m in Sources */ = {isa = PBXBuildFile; fileRef = B24021101F59443700E4D00E /* PayViewController.m */; };
		B25393381F5A4B9A002C8208 /* QuoteListViewController.m in Sources */ = {isa = PBXBuildFile; fileRef = B25393371F5A4B9A002C8208 /* QuoteListViewController.m */; };
		B29E08601F5173F5001A0DD6 /* textCollectionViewCell.m in Sources */ = {isa = PBXBuildFile; fileRef = B29E085F1F5173F5001A0DD6 /* textCollectionViewCell.m */; };
		B2A2D71F1F4AF35B001D6B81 /* Deatil.storyboard in Resources */ = {isa = PBXBuildFile; fileRef = B2A2D71D1F4AF35B001D6B81 /* Deatil.storyboard */; };
		B2A2D7221F4AF373001D6B81 /* Login.storyboard in Resources */ = {isa = PBXBuildFile; fileRef = B2A2D7201F4AF373001D6B81 /* Login.storyboard */; };
		B2A2D7321F4AFC20001D6B81 /* MyInfoViewController.m in Sources */ = {isa = PBXBuildFile; fileRef = B2A2D7311F4AFC20001D6B81 /* MyInfoViewController.m */; };
		B2A2D7351F4B066E001D6B81 /* AccountSettingViewController.m in Sources */ = {isa = PBXBuildFile; fileRef = B2A2D7341F4B066E001D6B81 /* AccountSettingViewController.m */; };
		B2A2D7381F4B06A1001D6B81 /* AgreementViewController.m in Sources */ = {isa = PBXBuildFile; fileRef = B2A2D7371F4B06A1001D6B81 /* AgreementViewController.m */; };
		B2A2D73B1F4B06C4001D6B81 /* MyHotelViewController.m in Sources */ = {isa = PBXBuildFile; fileRef = B2A2D73A1F4B06C4001D6B81 /* MyHotelViewController.m */; };
		B2BD3E311F4AA201002C6B98 /* main.m in Sources */ = {isa = PBXBuildFile; fileRef = B2BD3E301F4AA201002C6B98 /* main.m */; };
		B2BD3E341F4AA201002C6B98 /* AppDelegate.m in Sources */ = {isa = PBXBuildFile; fileRef = B2BD3E331F4AA201002C6B98 /* AppDelegate.m */; };
		B2BD3E3A1F4AA201002C6B98 /* Main.storyboard in Resources */ = {isa = PBXBuildFile; fileRef = B2BD3E381F4AA201002C6B98 /* Main.storyboard */; };
		B2BD3E421F4AA201002C6B98 /* LaunchScreen.storyboard in Resources */ = {isa = PBXBuildFile; fileRef = B2BD3E401F4AA201002C6B98 /* LaunchScreen.storyboard */; };
		B2BD3E4D1F4AA201002C6B98 /* GetHotelsTests.m in Sources */ = {isa = PBXBuildFile; fileRef = B2BD3E4C1F4AA201002C6B98 /* GetHotelsTests.m */; };
		B2BD3E581F4AA201002C6B98 /* GetHotelsUITests.m in Sources */ = {isa = PBXBuildFile; fileRef = B2BD3E571F4AA201002C6B98 /* GetHotelsUITests.m */; };
		B2BD3E731F4AA439002C6B98 /* BasicEncodingRules.m in Sources */ = {isa = PBXBuildFile; fileRef = B2BD3E6F1F4AA439002C6B98 /* BasicEncodingRules.m */; };
		B2BD3E741F4AA439002C6B98 /* Assets.xcassets in Resources */ = {isa = PBXBuildFile; fileRef = B2BD3E721F4AA439002C6B98 /* Assets.xcassets */; };
		B2BD3E871F4AA4EF002C6B98 /* AppAPIClient.m in Sources */ = {isa = PBXBuildFile; fileRef = B2BD3E761F4AA4EF002C6B98 /* AppAPIClient.m */; };
		B2BD3E881F4AA4EF002C6B98 /* ErrorHandler.m in Sources */ = {isa = PBXBuildFile; fileRef = B2BD3E781F4AA4EF002C6B98 /* ErrorHandler.m */; };
		B2BD3E891F4AA4EF002C6B98 /* NSData+Base64.m in Sources */ = {isa = PBXBuildFile; fileRef = B2BD3E7A1F4AA4EF002C6B98 /* NSData+Base64.m */; };
		B2BD3E8A1F4AA4EF002C6B98 /* NSDate+Utility.m in Sources */ = {isa = PBXBuildFile; fileRef = B2BD3E7C1F4AA4EF002C6B98 /* NSDate+Utility.m */; };
		B2BD3E8B1F4AA4EF002C6B98 /* NSDateFormatter+Category.m in Sources */ = {isa = PBXBuildFile; fileRef = B2BD3E7E1F4AA4EF002C6B98 /* NSDateFormatter+Category.m */; };
		B2BD3E8C1F4AA4EF002C6B98 /* NSString+Crypt.m in Sources */ = {isa = PBXBuildFile; fileRef = B2BD3E801F4AA4EF002C6B98 /* NSString+Crypt.m */; };
		B2BD3E8D1F4AA4EF002C6B98 /* RequestAPI.m in Sources */ = {isa = PBXBuildFile; fileRef = B2BD3E821F4AA4EF002C6B98 /* RequestAPI.m */; };
		B2BD3E8E1F4AA4EF002C6B98 /* StorageMgr.m in Sources */ = {isa = PBXBuildFile; fileRef = B2BD3E841F4AA4EF002C6B98 /* StorageMgr.m */; };
		B2BD3E8F1F4AA4EF002C6B98 /* Utilities.m in Sources */ = {isa = PBXBuildFile; fileRef = B2BD3E861F4AA4EF002C6B98 /* Utilities.m */; };
		B2BD3E9A1F4AA4F7002C6B98 /* HMSegmentedControl.m in Sources */ = {isa = PBXBuildFile; fileRef = B2BD3E921F4AA4F7002C6B98 /* HMSegmentedControl.m */; };
		B2BD3E9B1F4AA4F7002C6B98 /* SKTag.m in Sources */ = {isa = PBXBuildFile; fileRef = B2BD3E951F4AA4F7002C6B98 /* SKTag.m */; };
		B2BD3E9C1F4AA4F7002C6B98 /* SKTagButton.m in Sources */ = {isa = PBXBuildFile; fileRef = B2BD3E971F4AA4F7002C6B98 /* SKTagButton.m */; };
		B2BD3E9D1F4AA4F7002C6B98 /* SKTagView.m in Sources */ = {isa = PBXBuildFile; fileRef = B2BD3E991F4AA4F7002C6B98 /* SKTagView.m */; };
		B2BD3EA11F4AA59D002C6B98 /* GetHotels.xcdatamodeld in Sources */ = {isa = PBXBuildFile; fileRef = B2BD3E9F1F4AA59D002C6B98 /* GetHotels.xcdatamodeld */; };
		B2BD3EA31F4AA5DB002C6B98 /* Openssl.framework in Frameworks */ = {isa = PBXBuildFile; fileRef = B2BD3EA21F4AA5DB002C6B98 /* Openssl.framework */; };
		B2BD3EB31F4ACBA0002C6B98 /* Aviation.storyboard in Resources */ = {isa = PBXBuildFile; fileRef = B2BD3EAD1F4ACBA0002C6B98 /* Aviation.storyboard */; };
		B2BD3EB51F4ACBA0002C6B98 /* MyInfo.storyboard in Resources */ = {isa = PBXBuildFile; fileRef = B2BD3EB11F4ACBA0002C6B98 /* MyInfo.storyboard */; };
		B2C913441F4D19DD00AAC60A /* agreement.txt in Resources */ = {isa = PBXBuildFile; fileRef = B2C913431F4D19DD00AAC60A /* agreement.txt */; };
		B2E555091F4AF70700D314C0 /* DetailViewController.m in Sources */ = {isa = PBXBuildFile; fileRef = B2E555081F4AF70700D314C0 /* DetailViewController.m */; };
		B2E9BB7F1F4FB4200064B303 /* detailModel.m in Sources */ = {isa = PBXBuildFile; fileRef = B2E9BB7E1F4FB4200064B303 /* detailModel.m */; };
		B2F076231F4D18DB0074C80C /* zhifuViewController.m in Sources */ = {isa = PBXBuildFile; fileRef = B2F076221F4D18DB0074C80C /* zhifuViewController.m */; };
		B2F076261F4DA24A0074C80C /* weiliaoViewController.m in Sources */ = {isa = PBXBuildFile; fileRef = B2F076251F4DA24A0074C80C /* weiliaoViewController.m */; };
		B2F076291F4DA3A10074C80C /* dituViewController.m in Sources */ = {isa = PBXBuildFile; fileRef = B2F076281F4DA3A10074C80C /* dituViewController.m */; };
/* End PBXBuildFile section */

/* Begin PBXContainerItemProxy section */
		B2BD3E491F4AA201002C6B98 /* PBXContainerItemProxy */ = {
			isa = PBXContainerItemProxy;
			containerPortal = B2BD3E241F4AA201002C6B98 /* Project object */;
			proxyType = 1;
			remoteGlobalIDString = B2BD3E2B1F4AA201002C6B98;
			remoteInfo = GetHotels;
		};
		B2BD3E541F4AA201002C6B98 /* PBXContainerItemProxy */ = {
			isa = PBXContainerItemProxy;
			containerPortal = B2BD3E241F4AA201002C6B98 /* Project object */;
			proxyType = 1;
			remoteGlobalIDString = B2BD3E2B1F4AA201002C6B98;
			remoteInfo = GetHotels;
		};
/* End PBXContainerItemProxy section */

/* Begin PBXFileReference section */
		3B7B4C9DBECEE4870F284CD1 /* Pods-GetHotels.release.xcconfig */ = {isa = PBXFileReference; includeInIndex = 1; lastKnownFileType = text.xcconfig; name = "Pods-GetHotels.release.xcconfig"; path = "Pods/Target Support Files/Pods-GetHotels/Pods-GetHotels.release.xcconfig"; sourceTree = "<group>"; };
		6A7C048F1F4B15FC003D72FB /* HotelTableViewCell.h */ = {isa = PBXFileReference; fileEncoding = 4; lastKnownFileType = sourcecode.c.h; path = HotelTableViewCell.h; sourceTree = "<group>"; };
		6A7C04901F4B15FC003D72FB /* HotelTableViewCell.m */ = {isa = PBXFileReference; fileEncoding = 4; lastKnownFileType = sourcecode.c.objc; path = HotelTableViewCell.m; sourceTree = "<group>"; };
		6A88EF621F4FE75A00EAFC64 /* CityListViewController.h */ = {isa = PBXFileReference; fileEncoding = 4; lastKnownFileType = sourcecode.c.h; path = CityListViewController.h; sourceTree = "<group>"; };
		6A88EF631F4FE75A00EAFC64 /* CityListViewController.m */ = {isa = PBXFileReference; fileEncoding = 4; lastKnownFileType = sourcecode.c.objc; path = CityListViewController.m; sourceTree = "<group>"; };
		6A88EF6C1F50248C00EAFC64 /* DOPDropDownMenu.h */ = {isa = PBXFileReference; fileEncoding = 4; lastKnownFileType = sourcecode.c.h; path = DOPDropDownMenu.h; sourceTree = "<group>"; };
		6A88EF6D1F50248C00EAFC64 /* DOPDropDownMenu.m */ = {isa = PBXFileReference; fileEncoding = 4; lastKnownFileType = sourcecode.c.objc; path = DOPDropDownMenu.m; sourceTree = "<group>"; };
		6A92F1AD1F60E0C000059F44 /* MyAviationModel.h */ = {isa = PBXFileReference; fileEncoding = 4; lastKnownFileType = sourcecode.c.h; path = MyAviationModel.h; sourceTree = "<group>"; };
		6A92F1AE1F60E0C000059F44 /* MyAviationModel.m */ = {isa = PBXFileReference; fileEncoding = 4; lastKnownFileType = sourcecode.c.objc; path = MyAviationModel.m; sourceTree = "<group>"; };
		6A958D651F4D1856008C2A7D /* HotelViewController.h */ = {isa = PBXFileReference; fileEncoding = 4; lastKnownFileType = sourcecode.c.h; path = HotelViewController.h; sourceTree = "<group>"; };
		6A958D661F4D1856008C2A7D /* HotelViewController.m */ = {isa = PBXFileReference; fileEncoding = 4; lastKnownFileType = sourcecode.c.objc; path = HotelViewController.m; sourceTree = "<group>"; };
		6A9BF1FA1F5CE65E001064CD /* MyIssueTableViewCell.h */ = {isa = PBXFileReference; fileEncoding = 4; lastKnownFileType = sourcecode.c.h; path = MyIssueTableViewCell.h; sourceTree = "<group>"; };
		6A9BF1FB1F5CE65E001064CD /* MyIssueTableViewCell.m */ = {isa = PBXFileReference; fileEncoding = 4; lastKnownFileType = sourcecode.c.objc; path = MyIssueTableViewCell.m; sourceTree = "<group>"; };
		6AB8B9591F4E7E5F00E45E61 /* AAndHModel.h */ = {isa = PBXFileReference; fileEncoding = 4; lastKnownFileType = sourcecode.c.h; path = AAndHModel.h; sourceTree = "<group>"; };
		6AB8B95A1F4E7E5F00E45E61 /* AAndHModel.m */ = {isa = PBXFileReference; fileEncoding = 4; lastKnownFileType = sourcecode.c.objc; path = AAndHModel.m; sourceTree = "<group>"; };
		6AB8B95F1F4E994600E45E61 /* CityListModel.h */ = {isa = PBXFileReference; fileEncoding = 4; lastKnownFileType = sourcecode.c.h; path = CityListModel.h; sourceTree = "<group>"; };
		6AB8B9601F4E994600E45E61 /* CityListModel.m */ = {isa = PBXFileReference; fileEncoding = 4; lastKnownFileType = sourcecode.c.objc; path = CityListModel.m; sourceTree = "<group>"; };
		844E869B1F4B12C20080C2ED /* LoginViewController.h */ = {isa = PBXFileReference; fileEncoding = 4; lastKnownFileType = sourcecode.c.h; path = LoginViewController.h; sourceTree = "<group>"; };
		844E869C1F4B12C20080C2ED /* LoginViewController.m */ = {isa = PBXFileReference; fileEncoding = 4; lastKnownFileType = sourcecode.c.objc; path = LoginViewController.m; sourceTree = "<group>"; };
		844E869E1F4B12E20080C2ED /* SignInViewController.h */ = {isa = PBXFileReference; fileEncoding = 4; lastKnownFileType = sourcecode.c.h; path = SignInViewController.h; sourceTree = "<group>"; };
		844E869F1F4B12E20080C2ED /* SignInViewController.m */ = {isa = PBXFileReference; fileEncoding = 4; lastKnownFileType = sourcecode.c.objc; path = SignInViewController.m; sourceTree = "<group>"; };
		848DEF0F1F4EDD0B00D03E45 /* AllOrdersTableViewCell.h */ = {isa = PBXFileReference; fileEncoding = 4; lastKnownFileType = sourcecode.c.h; path = AllOrdersTableViewCell.h; sourceTree = "<group>"; };
		848DEF101F4EDD0B00D03E45 /* AllOrdersTableViewCell.m */ = {isa = PBXFileReference; fileEncoding = 4; lastKnownFileType = sourcecode.c.objc; path = AllOrdersTableViewCell.m; sourceTree = "<group>"; };
		848DEF151F4EDD4F00D03E45 /* AvailableTableViewCell.h */ = {isa = PBXFileReference; fileEncoding = 4; lastKnownFileType = sourcecode.c.h; path = AvailableTableViewCell.h; sourceTree = "<group>"; };
		848DEF161F4EDD4F00D03E45 /* AvailableTableViewCell.m */ = {isa = PBXFileReference; fileEncoding = 4; lastKnownFileType = sourcecode.c.objc; path = AvailableTableViewCell.m; sourceTree = "<group>"; };
		848DEF181F4EDD6600D03E45 /* ExpiredTableViewCell.h */ = {isa = PBXFileReference; fileEncoding = 4; lastKnownFileType = sourcecode.c.h; path = ExpiredTableViewCell.h; sourceTree = "<group>"; };
		848DEF191F4EDD6600D03E45 /* ExpiredTableViewCell.m */ = {isa = PBXFileReference; fileEncoding = 4; lastKnownFileType = sourcecode.c.objc; path = ExpiredTableViewCell.m; sourceTree = "<group>"; };
		848DEF1B1F4EEE2100D03E45 /* HotelOrdersModel.h */ = {isa = PBXFileReference; fileEncoding = 4; lastKnownFileType = sourcecode.c.h; path = HotelOrdersModel.h; sourceTree = "<group>"; };
		848DEF1C1F4EEE2100D03E45 /* HotelOrdersModel.m */ = {isa = PBXFileReference; fileEncoding = 4; lastKnownFileType = sourcecode.c.objc; path = HotelOrdersModel.m; sourceTree = "<group>"; };
		87E248321E9C674FE6281D42 /* Pods-GetHotels.debug.xcconfig */ = {isa = PBXFileReference; includeInIndex = 1; lastKnownFileType = text.xcconfig; name = "Pods-GetHotels.debug.xcconfig"; path = "Pods/Target Support Files/Pods-GetHotels/Pods-GetHotels.debug.xcconfig"; sourceTree = "<group>"; };
		91A29EB61D066B9FD83C2A3C /* libPods-GetHotels.a */ = {isa = PBXFileReference; explicitFileType = archive.ar; includeInIndex = 0; path = "libPods-GetHotels.a"; sourceTree = BUILT_PRODUCTS_DIR; };
		B21B6C061F52A97D002F2277 /* Hotel.storyboard */ = {isa = PBXFileReference; fileEncoding = 4; lastKnownFileType = file.storyboard; path = Hotel.storyboard; sourceTree = "<group>"; };
		B21E85381F4E622F00C32754 /* UserModel.h */ = {isa = PBXFileReference; fileEncoding = 4; lastKnownFileType = sourcecode.c.h; path = UserModel.h; sourceTree = "<group>"; };
		B21E85391F4E622F00C32754 /* UserModel.m */ = {isa = PBXFileReference; fileEncoding = 4; lastKnownFileType = sourcecode.c.objc; path = UserModel.m; sourceTree = "<group>"; };
		B224DB781F4C33910022C007 /* GBAlipayConfig.h */ = {isa = PBXFileReference; fileEncoding = 4; lastKnownFileType = sourcecode.c.h; path = GBAlipayConfig.h; sourceTree = "<group>"; };
		B224DB791F4C33910022C007 /* GBAlipayManager.h */ = {isa = PBXFileReference; fileEncoding = 4; lastKnownFileType = sourcecode.c.h; path = GBAlipayManager.h; sourceTree = "<group>"; };
		B224DB7A1F4C33910022C007 /* GBAlipayManager.m */ = {isa = PBXFileReference; fileEncoding = 4; lastKnownFileType = sourcecode.c.objc; path = GBAlipayManager.m; sourceTree = "<group>"; };
		B224DB7C1F4C33910022C007 /* base64.h */ = {isa = PBXFileReference; fileEncoding = 4; lastKnownFileType = sourcecode.c.h; path = base64.h; sourceTree = "<group>"; };
		B224DB7D1F4C33910022C007 /* base64.m */ = {isa = PBXFileReference; fileEncoding = 4; lastKnownFileType = sourcecode.c.objc; path = base64.m; sourceTree = "<group>"; };
		B224DB7E1F4C33910022C007 /* config.h */ = {isa = PBXFileReference; fileEncoding = 4; lastKnownFileType = sourcecode.c.h; path = config.h; sourceTree = "<group>"; };
		B224DB7F1F4C33910022C007 /* DataSigner.h */ = {isa = PBXFileReference; fileEncoding = 4; lastKnownFileType = sourcecode.c.h; path = DataSigner.h; sourceTree = "<group>"; };
		B224DB801F4C33910022C007 /* DataSigner.m */ = {isa = PBXFileReference; fileEncoding = 4; lastKnownFileType = sourcecode.c.objc; path = DataSigner.m; sourceTree = "<group>"; };
		B224DB811F4C33910022C007 /* DataVerifier.h */ = {isa = PBXFileReference; fileEncoding = 4; lastKnownFileType = sourcecode.c.h; path = DataVerifier.h; sourceTree = "<group>"; };
		B224DB821F4C33910022C007 /* DataVerifier.m */ = {isa = PBXFileReference; fileEncoding = 4; lastKnownFileType = sourcecode.c.objc; path = DataVerifier.m; sourceTree = "<group>"; };
		B224DB831F4C33910022C007 /* MD5DataSigner.h */ = {isa = PBXFileReference; fileEncoding = 4; lastKnownFileType = sourcecode.c.h; path = MD5DataSigner.h; sourceTree = "<group>"; };
		B224DB841F4C33910022C007 /* MD5DataSigner.m */ = {isa = PBXFileReference; fileEncoding = 4; lastKnownFileType = sourcecode.c.objc; path = MD5DataSigner.m; sourceTree = "<group>"; };
		B224DB851F4C33910022C007 /* NSDataEx.h */ = {isa = PBXFileReference; fileEncoding = 4; lastKnownFileType = sourcecode.c.h; path = NSDataEx.h; sourceTree = "<group>"; };
		B224DB861F4C33910022C007 /* NSDataEx.m */ = {isa = PBXFileReference; fileEncoding = 4; lastKnownFileType = sourcecode.c.objc; path = NSDataEx.m; sourceTree = "<group>"; };
		B224DB871F4C33910022C007 /* openssl_wrapper.h */ = {isa = PBXFileReference; fileEncoding = 4; lastKnownFileType = sourcecode.c.h; path = openssl_wrapper.h; sourceTree = "<group>"; };
		B224DB881F4C33910022C007 /* openssl_wrapper.m */ = {isa = PBXFileReference; fileEncoding = 4; lastKnownFileType = sourcecode.c.objc; path = openssl_wrapper.m; sourceTree = "<group>"; };
		B224DB891F4C33910022C007 /* RSADataSigner.h */ = {isa = PBXFileReference; fileEncoding = 4; lastKnownFileType = sourcecode.c.h; path = RSADataSigner.h; sourceTree = "<group>"; };
		B224DB8A1F4C33910022C007 /* RSADataSigner.m */ = {isa = PBXFileReference; fileEncoding = 4; lastKnownFileType = sourcecode.c.objc; path = RSADataSigner.m; sourceTree = "<group>"; };
		B224DB8B1F4C33910022C007 /* RSADataVerifier.h */ = {isa = PBXFileReference; fileEncoding = 4; lastKnownFileType = sourcecode.c.h; path = RSADataVerifier.h; sourceTree = "<group>"; };
		B224DB8C1F4C33910022C007 /* RSADataVerifier.m */ = {isa = PBXFileReference; fileEncoding = 4; lastKnownFileType = sourcecode.c.objc; path = RSADataVerifier.m; sourceTree = "<group>"; };
		B224DB8D1F4C33910022C007 /* JSONS.h */ = {isa = PBXFileReference; fileEncoding = 4; lastKnownFileType = sourcecode.c.h; path = JSONS.h; sourceTree = "<group>"; };
		B224DB8E1F4C33910022C007 /* JSONS.m */ = {isa = PBXFileReference; fileEncoding = 4; lastKnownFileType = sourcecode.c.objc; path = JSONS.m; sourceTree = "<group>"; };
		B224DB9C1F4C33D90022C007 /* Cities.plist */ = {isa = PBXFileReference; fileEncoding = 4; lastKnownFileType = text.plist.xml; path = Cities.plist; sourceTree = "<group>"; };
		B224DB9E1F4C34000022C007 /* AlipaySDK.bundle */ = {isa = PBXFileReference; lastKnownFileType = "wrapper.plug-in"; name = AlipaySDK.bundle; path = GetHotels/AlipaySDK.bundle; sourceTree = "<group>"; };
		B224DB9F1F4C34000022C007 /* AlipaySDK.framework */ = {isa = PBXFileReference; lastKnownFileType = wrapper.framework; name = AlipaySDK.framework; path = GetHotels/AlipaySDK.framework; sourceTree = "<group>"; };
		B224DBA01F4C34000022C007 /* libcrypto.a */ = {isa = PBXFileReference; lastKnownFileType = archive.ar; name = libcrypto.a; path = GetHotels/libcrypto.a; sourceTree = "<group>"; };
		B224DBA11F4C34000022C007 /* libssl.a */ = {isa = PBXFileReference; lastKnownFileType = archive.ar; name = libssl.a; path = GetHotels/libssl.a; sourceTree = "<group>"; };
		B224DBA61F4C341C0022C007 /* libz.tbd */ = {isa = PBXFileReference; lastKnownFileType = "sourcecode.text-based-dylib-definition"; name = libz.tbd; path = usr/lib/libz.tbd; sourceTree = SDKROOT; };
		B224DBA81F4C34300022C007 /* CoreMotion.framework */ = {isa = PBXFileReference; lastKnownFileType = wrapper.framework; name = CoreMotion.framework; path = System/Library/Frameworks/CoreMotion.framework; sourceTree = SDKROOT; };
		B224DBAA1F4C343E0022C007 /* CoreTelephony.framework */ = {isa = PBXFileReference; lastKnownFileType = wrapper.framework; name = CoreTelephony.framework; path = System/Library/Frameworks/CoreTelephony.framework; sourceTree = SDKROOT; };
		B224DBAC1F4C34E00022C007 /* Order.h */ = {isa = PBXFileReference; fileEncoding = 4; lastKnownFileType = sourcecode.c.h; path = Order.h; sourceTree = "<group>"; };
		B224DBAD1F4C34E00022C007 /* Order.m */ = {isa = PBXFileReference; fileEncoding = 4; lastKnownFileType = sourcecode.c.objc; path = Order.m; sourceTree = "<group>"; };
		B224DBAF1F4C46110022C007 /* MyInfoTableViewCell.h */ = {isa = PBXFileReference; fileEncoding = 4; lastKnownFileType = sourcecode.c.h; path = MyInfoTableViewCell.h; sourceTree = "<group>"; };
		B224DBB01F4C46110022C007 /* MyInfoTableViewCell.m */ = {isa = PBXFileReference; fileEncoding = 4; lastKnownFileType = sourcecode.c.objc; path = MyInfoTableViewCell.m; sourceTree = "<group>"; };
		B224DBB21F4C4D370022C007 /* AirViewController.h */ = {isa = PBXFileReference; fileEncoding = 4; lastKnownFileType = sourcecode.c.h; path = AirViewController.h; sourceTree = "<group>"; };
		B224DBB31F4C4D370022C007 /* AirViewController.m */ = {isa = PBXFileReference; fileEncoding = 4; lastKnownFileType = sourcecode.c.objc; path = AirViewController.m; sourceTree = "<group>"; };
		B230165C1F5CD9ED00624C04 /* aviationViewController.h */ = {isa = PBXFileReference; fileEncoding = 4; lastKnownFileType = sourcecode.c.h; path = aviationViewController.h; sourceTree = "<group>"; };
		B230165D1F5CD9ED00624C04 /* aviationViewController.m */ = {isa = PBXFileReference; fileEncoding = 4; lastKnownFileType = sourcecode.c.objc; path = aviationViewController.m; sourceTree = "<group>"; };
		B240210C1F592A3600E4D00E /* QuoteListTableViewCell.h */ = {isa = PBXFileReference; lastKnownFileType = sourcecode.c.h; path = QuoteListTableViewCell.h; sourceTree = "<group>"; };
		B240210D1F592A8800E4D00E /* QuoteListTableViewCell.m */ = {isa = PBXFileReference; fileEncoding = 4; lastKnownFileType = sourcecode.c.objc; path = QuoteListTableViewCell.m; sourceTree = "<group>"; };
		B240210F1F59443700E4D00E /* PayViewController.h */ = {isa = PBXFileReference; fileEncoding = 4; lastKnownFileType = sourcecode.c.h; path = PayViewController.h; sourceTree = "<group>"; };
		B24021101F59443700E4D00E /* PayViewController.m */ = {isa = PBXFileReference; fileEncoding = 4; lastKnownFileType = sourcecode.c.objc; path = PayViewController.m; sourceTree = "<group>"; };
		B25393361F5A4B9A002C8208 /* QuoteListViewController.h */ = {isa = PBXFileReference; fileEncoding = 4; lastKnownFileType = sourcecode.c.h; path = QuoteListViewController.h; sourceTree = "<group>"; };
		B25393371F5A4B9A002C8208 /* QuoteListViewController.m */ = {isa = PBXFileReference; fileEncoding = 4; lastKnownFileType = sourcecode.c.objc; path = QuoteListViewController.m; sourceTree = "<group>"; };
		B29E085E1F5173F5001A0DD6 /* textCollectionViewCell.h */ = {isa = PBXFileReference; fileEncoding = 4; lastKnownFileType = sourcecode.c.h; path = textCollectionViewCell.h; sourceTree = "<group>"; };
		B29E085F1F5173F5001A0DD6 /* textCollectionViewCell.m */ = {isa = PBXFileReference; fileEncoding = 4; lastKnownFileType = sourcecode.c.objc; path = textCollectionViewCell.m; sourceTree = "<group>"; };
		B2A2D71E1F4AF35B001D6B81 /* Base */ = {isa = PBXFileReference; lastKnownFileType = file.storyboard; name = Base; path = GetHotels/Base.lproj/Deatil.storyboard; sourceTree = SOURCE_ROOT; };
		B2A2D7211F4AF373001D6B81 /* Base */ = {isa = PBXFileReference; lastKnownFileType = file.storyboard; name = Base; path = GetHotels/Base.lproj/Login.storyboard; sourceTree = SOURCE_ROOT; };
		B2A2D7301F4AFC20001D6B81 /* MyInfoViewController.h */ = {isa = PBXFileReference; fileEncoding = 4; lastKnownFileType = sourcecode.c.h; path = MyInfoViewController.h; sourceTree = "<group>"; };
		B2A2D7311F4AFC20001D6B81 /* MyInfoViewController.m */ = {isa = PBXFileReference; fileEncoding = 4; lastKnownFileType = sourcecode.c.objc; path = MyInfoViewController.m; sourceTree = "<group>"; };
		B2A2D7331F4B066E001D6B81 /* AccountSettingViewController.h */ = {isa = PBXFileReference; fileEncoding = 4; lastKnownFileType = sourcecode.c.h; path = AccountSettingViewController.h; sourceTree = "<group>"; };
		B2A2D7341F4B066E001D6B81 /* AccountSettingViewController.m */ = {isa = PBXFileReference; fileEncoding = 4; lastKnownFileType = sourcecode.c.objc; path = AccountSettingViewController.m; sourceTree = "<group>"; };
		B2A2D7361F4B06A1001D6B81 /* AgreementViewController.h */ = {isa = PBXFileReference; fileEncoding = 4; lastKnownFileType = sourcecode.c.h; path = AgreementViewController.h; sourceTree = "<group>"; };
		B2A2D7371F4B06A1001D6B81 /* AgreementViewController.m */ = {isa = PBXFileReference; fileEncoding = 4; lastKnownFileType = sourcecode.c.objc; path = AgreementViewController.m; sourceTree = "<group>"; };
		B2A2D7391F4B06C4001D6B81 /* MyHotelViewController.h */ = {isa = PBXFileReference; fileEncoding = 4; lastKnownFileType = sourcecode.c.h; path = MyHotelViewController.h; sourceTree = "<group>"; };
		B2A2D73A1F4B06C4001D6B81 /* MyHotelViewController.m */ = {isa = PBXFileReference; fileEncoding = 4; lastKnownFileType = sourcecode.c.objc; path = MyHotelViewController.m; sourceTree = "<group>"; };
		B2BD3E2C1F4AA201002C6B98 /* GetHotels.app */ = {isa = PBXFileReference; explicitFileType = wrapper.application; includeInIndex = 0; path = GetHotels.app; sourceTree = BUILT_PRODUCTS_DIR; };
		B2BD3E301F4AA201002C6B98 /* main.m */ = {isa = PBXFileReference; lastKnownFileType = sourcecode.c.objc; path = main.m; sourceTree = "<group>"; };
		B2BD3E321F4AA201002C6B98 /* AppDelegate.h */ = {isa = PBXFileReference; lastKnownFileType = sourcecode.c.h; path = AppDelegate.h; sourceTree = "<group>"; };
		B2BD3E331F4AA201002C6B98 /* AppDelegate.m */ = {isa = PBXFileReference; lastKnownFileType = sourcecode.c.objc; path = AppDelegate.m; sourceTree = "<group>"; };
		B2BD3E391F4AA201002C6B98 /* Base */ = {isa = PBXFileReference; lastKnownFileType = file.storyboard; name = Base; path = Base.lproj/Main.storyboard; sourceTree = "<group>"; };
		B2BD3E411F4AA201002C6B98 /* Base */ = {isa = PBXFileReference; lastKnownFileType = file.storyboard; name = Base; path = Base.lproj/LaunchScreen.storyboard; sourceTree = "<group>"; };
		B2BD3E431F4AA201002C6B98 /* Info.plist */ = {isa = PBXFileReference; lastKnownFileType = text.plist.xml; path = Info.plist; sourceTree = "<group>"; };
		B2BD3E481F4AA201002C6B98 /* GetHotelsTests.xctest */ = {isa = PBXFileReference; explicitFileType = wrapper.cfbundle; includeInIndex = 0; path = GetHotelsTests.xctest; sourceTree = BUILT_PRODUCTS_DIR; };
		B2BD3E4C1F4AA201002C6B98 /* GetHotelsTests.m */ = {isa = PBXFileReference; lastKnownFileType = sourcecode.c.objc; path = GetHotelsTests.m; sourceTree = "<group>"; };
		B2BD3E4E1F4AA201002C6B98 /* Info.plist */ = {isa = PBXFileReference; lastKnownFileType = text.plist.xml; path = Info.plist; sourceTree = "<group>"; };
		B2BD3E531F4AA201002C6B98 /* GetHotelsUITests.xctest */ = {isa = PBXFileReference; explicitFileType = wrapper.cfbundle; includeInIndex = 0; path = GetHotelsUITests.xctest; sourceTree = BUILT_PRODUCTS_DIR; };
		B2BD3E571F4AA201002C6B98 /* GetHotelsUITests.m */ = {isa = PBXFileReference; lastKnownFileType = sourcecode.c.objc; path = GetHotelsUITests.m; sourceTree = "<group>"; };
		B2BD3E591F4AA201002C6B98 /* Info.plist */ = {isa = PBXFileReference; lastKnownFileType = text.plist.xml; path = Info.plist; sourceTree = "<group>"; };
		B2BD3E651F4AA406002C6B98 /* PrefixHeader.pch */ = {isa = PBXFileReference; lastKnownFileType = sourcecode.c.h; path = PrefixHeader.pch; sourceTree = "<group>"; };
		B2BD3E6E1F4AA439002C6B98 /* BasicEncodingRules.h */ = {isa = PBXFileReference; fileEncoding = 4; lastKnownFileType = sourcecode.c.h; path = BasicEncodingRules.h; sourceTree = "<group>"; };
		B2BD3E6F1F4AA439002C6B98 /* BasicEncodingRules.m */ = {isa = PBXFileReference; fileEncoding = 4; lastKnownFileType = sourcecode.c.objc; path = BasicEncodingRules.m; sourceTree = "<group>"; };
		B2BD3E721F4AA439002C6B98 /* Assets.xcassets */ = {isa = PBXFileReference; lastKnownFileType = folder.assetcatalog; path = Assets.xcassets; sourceTree = "<group>"; };
		B2BD3E751F4AA4EF002C6B98 /* AppAPIClient.h */ = {isa = PBXFileReference; fileEncoding = 4; lastKnownFileType = sourcecode.c.h; path = AppAPIClient.h; sourceTree = "<group>"; };
		B2BD3E761F4AA4EF002C6B98 /* AppAPIClient.m */ = {isa = PBXFileReference; fileEncoding = 4; lastKnownFileType = sourcecode.c.objc; path = AppAPIClient.m; sourceTree = "<group>"; };
		B2BD3E771F4AA4EF002C6B98 /* ErrorHandler.h */ = {isa = PBXFileReference; fileEncoding = 4; lastKnownFileType = sourcecode.c.h; path = ErrorHandler.h; sourceTree = "<group>"; };
		B2BD3E781F4AA4EF002C6B98 /* ErrorHandler.m */ = {isa = PBXFileReference; fileEncoding = 4; lastKnownFileType = sourcecode.c.objc; path = ErrorHandler.m; sourceTree = "<group>"; };
		B2BD3E791F4AA4EF002C6B98 /* NSData+Base64.h */ = {isa = PBXFileReference; fileEncoding = 4; lastKnownFileType = sourcecode.c.h; path = "NSData+Base64.h"; sourceTree = "<group>"; };
		B2BD3E7A1F4AA4EF002C6B98 /* NSData+Base64.m */ = {isa = PBXFileReference; fileEncoding = 4; lastKnownFileType = sourcecode.c.objc; path = "NSData+Base64.m"; sourceTree = "<group>"; };
		B2BD3E7B1F4AA4EF002C6B98 /* NSDate+Utility.h */ = {isa = PBXFileReference; fileEncoding = 4; lastKnownFileType = sourcecode.c.h; path = "NSDate+Utility.h"; sourceTree = "<group>"; };
		B2BD3E7C1F4AA4EF002C6B98 /* NSDate+Utility.m */ = {isa = PBXFileReference; fileEncoding = 4; lastKnownFileType = sourcecode.c.objc; path = "NSDate+Utility.m"; sourceTree = "<group>"; };
		B2BD3E7D1F4AA4EF002C6B98 /* NSDateFormatter+Category.h */ = {isa = PBXFileReference; fileEncoding = 4; lastKnownFileType = sourcecode.c.h; path = "NSDateFormatter+Category.h"; sourceTree = "<group>"; };
		B2BD3E7E1F4AA4EF002C6B98 /* NSDateFormatter+Category.m */ = {isa = PBXFileReference; fileEncoding = 4; lastKnownFileType = sourcecode.c.objc; path = "NSDateFormatter+Category.m"; sourceTree = "<group>"; };
		B2BD3E7F1F4AA4EF002C6B98 /* NSString+Crypt.h */ = {isa = PBXFileReference; fileEncoding = 4; lastKnownFileType = sourcecode.c.h; path = "NSString+Crypt.h"; sourceTree = "<group>"; };
		B2BD3E801F4AA4EF002C6B98 /* NSString+Crypt.m */ = {isa = PBXFileReference; fileEncoding = 4; lastKnownFileType = sourcecode.c.objc; path = "NSString+Crypt.m"; sourceTree = "<group>"; };
		B2BD3E811F4AA4EF002C6B98 /* RequestAPI.h */ = {isa = PBXFileReference; fileEncoding = 4; lastKnownFileType = sourcecode.c.h; path = RequestAPI.h; sourceTree = "<group>"; };
		B2BD3E821F4AA4EF002C6B98 /* RequestAPI.m */ = {isa = PBXFileReference; fileEncoding = 4; lastKnownFileType = sourcecode.c.objc; path = RequestAPI.m; sourceTree = "<group>"; };
		B2BD3E831F4AA4EF002C6B98 /* StorageMgr.h */ = {isa = PBXFileReference; fileEncoding = 4; lastKnownFileType = sourcecode.c.h; path = StorageMgr.h; sourceTree = "<group>"; };
		B2BD3E841F4AA4EF002C6B98 /* StorageMgr.m */ = {isa = PBXFileReference; fileEncoding = 4; lastKnownFileType = sourcecode.c.objc; path = StorageMgr.m; sourceTree = "<group>"; };
		B2BD3E851F4AA4EF002C6B98 /* Utilities.h */ = {isa = PBXFileReference; fileEncoding = 4; lastKnownFileType = sourcecode.c.h; path = Utilities.h; sourceTree = "<group>"; };
		B2BD3E861F4AA4EF002C6B98 /* Utilities.m */ = {isa = PBXFileReference; fileEncoding = 4; lastKnownFileType = sourcecode.c.objc; path = Utilities.m; sourceTree = "<group>"; };
		B2BD3E911F4AA4F7002C6B98 /* HMSegmentedControl.h */ = {isa = PBXFileReference; fileEncoding = 4; lastKnownFileType = sourcecode.c.h; path = HMSegmentedControl.h; sourceTree = "<group>"; };
		B2BD3E921F4AA4F7002C6B98 /* HMSegmentedControl.m */ = {isa = PBXFileReference; fileEncoding = 4; lastKnownFileType = sourcecode.c.objc; path = HMSegmentedControl.m; sourceTree = "<group>"; };
		B2BD3E941F4AA4F7002C6B98 /* SKTag.h */ = {isa = PBXFileReference; fileEncoding = 4; lastKnownFileType = sourcecode.c.h; path = SKTag.h; sourceTree = "<group>"; };
		B2BD3E951F4AA4F7002C6B98 /* SKTag.m */ = {isa = PBXFileReference; fileEncoding = 4; lastKnownFileType = sourcecode.c.objc; path = SKTag.m; sourceTree = "<group>"; };
		B2BD3E961F4AA4F7002C6B98 /* SKTagButton.h */ = {isa = PBXFileReference; fileEncoding = 4; lastKnownFileType = sourcecode.c.h; path = SKTagButton.h; sourceTree = "<group>"; };
		B2BD3E971F4AA4F7002C6B98 /* SKTagButton.m */ = {isa = PBXFileReference; fileEncoding = 4; lastKnownFileType = sourcecode.c.objc; path = SKTagButton.m; sourceTree = "<group>"; };
		B2BD3E981F4AA4F7002C6B98 /* SKTagView.h */ = {isa = PBXFileReference; fileEncoding = 4; lastKnownFileType = sourcecode.c.h; path = SKTagView.h; sourceTree = "<group>"; };
		B2BD3E991F4AA4F7002C6B98 /* SKTagView.m */ = {isa = PBXFileReference; fileEncoding = 4; lastKnownFileType = sourcecode.c.objc; path = SKTagView.m; sourceTree = "<group>"; };
		B2BD3E9E1F4AA500002C6B98 /* Constants.h */ = {isa = PBXFileReference; lastKnownFileType = sourcecode.c.h; path = Constants.h; sourceTree = "<group>"; };
		B2BD3EA01F4AA59D002C6B98 /* GetHotels.xcdatamodel */ = {isa = PBXFileReference; lastKnownFileType = wrapper.xcdatamodel; path = GetHotels.xcdatamodel; sourceTree = "<group>"; };
		B2BD3EA21F4AA5DB002C6B98 /* Openssl.framework */ = {isa = PBXFileReference; lastKnownFileType = wrapper.framework; name = Openssl.framework; path = GetHotels/Openssl.framework; sourceTree = "<group>"; };
		B2BD3EAE1F4ACBA0002C6B98 /* Base */ = {isa = PBXFileReference; lastKnownFileType = file.storyboard; name = Base; path = GetHotels/Base.lproj/Aviation.storyboard; sourceTree = SOURCE_ROOT; };
		B2BD3EB21F4ACBA0002C6B98 /* Base */ = {isa = PBXFileReference; lastKnownFileType = file.storyboard; name = Base; path = GetHotels/Base.lproj/MyInfo.storyboard; sourceTree = SOURCE_ROOT; };
		B2C913431F4D19DD00AAC60A /* agreement.txt */ = {isa = PBXFileReference; fileEncoding = 4; lastKnownFileType = text; path = agreement.txt; sourceTree = "<group>"; };
		B2E555071F4AF70700D314C0 /* DetailViewController.h */ = {isa = PBXFileReference; fileEncoding = 4; lastKnownFileType = sourcecode.c.h; name = DetailViewController.h; path = ../View/DetailViewController.h; sourceTree = "<group>"; };
		B2E555081F4AF70700D314C0 /* DetailViewController.m */ = {isa = PBXFileReference; fileEncoding = 4; lastKnownFileType = sourcecode.c.objc; name = DetailViewController.m; path = ../View/DetailViewController.m; sourceTree = "<group>"; };
		B2E9BB7D1F4FB4200064B303 /* detailModel.h */ = {isa = PBXFileReference; fileEncoding = 4; lastKnownFileType = sourcecode.c.h; path = detailModel.h; sourceTree = "<group>"; };
		B2E9BB7E1F4FB4200064B303 /* detailModel.m */ = {isa = PBXFileReference; fileEncoding = 4; lastKnownFileType = sourcecode.c.objc; path = detailModel.m; sourceTree = "<group>"; };
		B2F076211F4D18DB0074C80C /* zhifuViewController.h */ = {isa = PBXFileReference; fileEncoding = 4; lastKnownFileType = sourcecode.c.h; path = zhifuViewController.h; sourceTree = "<group>"; };
		B2F076221F4D18DB0074C80C /* zhifuViewController.m */ = {isa = PBXFileReference; fileEncoding = 4; lastKnownFileType = sourcecode.c.objc; path = zhifuViewController.m; sourceTree = "<group>"; };
		B2F076241F4DA24A0074C80C /* weiliaoViewController.h */ = {isa = PBXFileReference; fileEncoding = 4; lastKnownFileType = sourcecode.c.h; path = weiliaoViewController.h; sourceTree = "<group>"; };
		B2F076251F4DA24A0074C80C /* weiliaoViewController.m */ = {isa = PBXFileReference; fileEncoding = 4; lastKnownFileType = sourcecode.c.objc; path = weiliaoViewController.m; sourceTree = "<group>"; };
		B2F076271F4DA3A10074C80C /* dituViewController.h */ = {isa = PBXFileReference; fileEncoding = 4; lastKnownFileType = sourcecode.c.h; path = dituViewController.h; sourceTree = "<group>"; };
		B2F076281F4DA3A10074C80C /* dituViewController.m */ = {isa = PBXFileReference; fileEncoding = 4; lastKnownFileType = sourcecode.c.objc; path = dituViewController.m; sourceTree = "<group>"; };
/* End PBXFileReference section */

/* Begin PBXFrameworksBuildPhase section */
		B2BD3E291F4AA201002C6B98 /* Frameworks */ = {
			isa = PBXFrameworksBuildPhase;
			buildActionMask = 2147483647;
			files = (
				B224DBAB1F4C343E0022C007 /* CoreTelephony.framework in Frameworks */,
				B224DBA91F4C34300022C007 /* CoreMotion.framework in Frameworks */,
				B224DBA71F4C341C0022C007 /* libz.tbd in Frameworks */,
				B224DBA21F4C34000022C007 /* AlipaySDK.bundle in Frameworks */,
				B224DBA31F4C34000022C007 /* AlipaySDK.framework in Frameworks */,
				B224DBA41F4C34000022C007 /* libcrypto.a in Frameworks */,
				B224DBA51F4C34000022C007 /* libssl.a in Frameworks */,
				B2BD3EA31F4AA5DB002C6B98 /* Openssl.framework in Frameworks */,
				2B4FA0F841ACEB1152934141 /* libPods-GetHotels.a in Frameworks */,
			);
			runOnlyForDeploymentPostprocessing = 0;
		};
		B2BD3E451F4AA201002C6B98 /* Frameworks */ = {
			isa = PBXFrameworksBuildPhase;
			buildActionMask = 2147483647;
			files = (
			);
			runOnlyForDeploymentPostprocessing = 0;
		};
		B2BD3E501F4AA201002C6B98 /* Frameworks */ = {
			isa = PBXFrameworksBuildPhase;
			buildActionMask = 2147483647;
			files = (
			);
			runOnlyForDeploymentPostprocessing = 0;
		};
/* End PBXFrameworksBuildPhase section */

/* Begin PBXGroup section */
		6A88EF6B1F50248C00EAFC64 /* DOPDropDownMenu - Enhanced */ = {
			isa = PBXGroup;
			children = (
				6A88EF6C1F50248C00EAFC64 /* DOPDropDownMenu.h */,
				6A88EF6D1F50248C00EAFC64 /* DOPDropDownMenu.m */,
			);
			path = "DOPDropDownMenu - Enhanced";
			sourceTree = "<group>";
		};
		8B8B317C5CD4D177C040D800 /* Pods */ = {
			isa = PBXGroup;
			children = (
				87E248321E9C674FE6281D42 /* Pods-GetHotels.debug.xcconfig */,
				3B7B4C9DBECEE4870F284CD1 /* Pods-GetHotels.release.xcconfig */,
			);
			name = Pods;
			sourceTree = "<group>";
		};
		B224DB771F4C33910022C007 /* AliMgr */ = {
			isa = PBXGroup;
			children = (
				B224DB781F4C33910022C007 /* GBAlipayConfig.h */,
				B224DB791F4C33910022C007 /* GBAlipayManager.h */,
				B224DB7A1F4C33910022C007 /* GBAlipayManager.m */,
			);
			path = AliMgr;
			sourceTree = "<group>";
		};
		B224DB7B1F4C33910022C007 /* AliUtil */ = {
			isa = PBXGroup;
			children = (
				B224DB7C1F4C33910022C007 /* base64.h */,
				B224DB7D1F4C33910022C007 /* base64.m */,
				B224DB7E1F4C33910022C007 /* config.h */,
				B224DB7F1F4C33910022C007 /* DataSigner.h */,
				B224DB801F4C33910022C007 /* DataSigner.m */,
				B224DB811F4C33910022C007 /* DataVerifier.h */,
				B224DB821F4C33910022C007 /* DataVerifier.m */,
				B224DB831F4C33910022C007 /* MD5DataSigner.h */,
				B224DB841F4C33910022C007 /* MD5DataSigner.m */,
				B224DB851F4C33910022C007 /* NSDataEx.h */,
				B224DB861F4C33910022C007 /* NSDataEx.m */,
				B224DB871F4C33910022C007 /* openssl_wrapper.h */,
				B224DB881F4C33910022C007 /* openssl_wrapper.m */,
				B224DB891F4C33910022C007 /* RSADataSigner.h */,
				B224DB8A1F4C33910022C007 /* RSADataSigner.m */,
				B224DB8B1F4C33910022C007 /* RSADataVerifier.h */,
				B224DB8C1F4C33910022C007 /* RSADataVerifier.m */,
			);
			path = AliUtil;
			sourceTree = "<group>";
		};
		B230165B1F5CD9B900624C04 /* Aviation */ = {
			isa = PBXGroup;
			children = (
				B230165C1F5CD9ED00624C04 /* aviationViewController.h */,
				B230165D1F5CD9ED00624C04 /* aviationViewController.m */,
			);
			name = Aviation;
			sourceTree = "<group>";
		};
		B24021051F5929C800E4D00E /* QuoteListViewController */ = {
			isa = PBXGroup;
			children = (
				B25393361F5A4B9A002C8208 /* QuoteListViewController.h */,
				B25393371F5A4B9A002C8208 /* QuoteListViewController.m */,
				B240210F1F59443700E4D00E /* PayViewController.h */,
				B24021101F59443700E4D00E /* PayViewController.m */,
			);
			name = QuoteListViewController;
			sourceTree = "<group>";
		};
		B2A2D7241F4AF3C4001D6B81 /* Aviation */ = {
			isa = PBXGroup;
			children = (
				B2BD3EAD1F4ACBA0002C6B98 /* Aviation.storyboard */,
			);
			name = Aviation;
			sourceTree = "<group>";
		};
		B2A2D7251F4AF3D2001D6B81 /* Hotel */ = {
			isa = PBXGroup;
			children = (
				B21B6C061F52A97D002F2277 /* Hotel.storyboard */,
				6A7C048F1F4B15FC003D72FB /* HotelTableViewCell.h */,
				6A7C04901F4B15FC003D72FB /* HotelTableViewCell.m */,
				B29E085E1F5173F5001A0DD6 /* textCollectionViewCell.h */,
				B29E085F1F5173F5001A0DD6 /* textCollectionViewCell.m */,
			);
			name = Hotel;
			sourceTree = "<group>";
		};
		B2A2D7261F4AF3DF001D6B81 /* Detail */ = {
			isa = PBXGroup;
			children = (
				B2A2D71D1F4AF35B001D6B81 /* Deatil.storyboard */,
			);
			name = Detail;
			sourceTree = "<group>";
		};
		B2A2D7271F4AF3ED001D6B81 /* Main */ = {
			isa = PBXGroup;
			children = (
				B2BD3E381F4AA201002C6B98 /* Main.storyboard */,
			);
			name = Main;
			sourceTree = "<group>";
		};
		B2A2D7281F4AF3F6001D6B81 /* MyInfo */ = {
			isa = PBXGroup;
			children = (
				B2BD3EB11F4ACBA0002C6B98 /* MyInfo.storyboard */,
				B240210C1F592A3600E4D00E /* QuoteListTableViewCell.h */,
				B240210D1F592A8800E4D00E /* QuoteListTableViewCell.m */,
				B224DBAF1F4C46110022C007 /* MyInfoTableViewCell.h */,
				B224DBB01F4C46110022C007 /* MyInfoTableViewCell.m */,
				848DEF0F1F4EDD0B00D03E45 /* AllOrdersTableViewCell.h */,
				848DEF101F4EDD0B00D03E45 /* AllOrdersTableViewCell.m */,
				848DEF151F4EDD4F00D03E45 /* AvailableTableViewCell.h */,
				848DEF161F4EDD4F00D03E45 /* AvailableTableViewCell.m */,
				848DEF181F4EDD6600D03E45 /* ExpiredTableViewCell.h */,
				848DEF191F4EDD6600D03E45 /* ExpiredTableViewCell.m */,
				6A9BF1FA1F5CE65E001064CD /* MyIssueTableViewCell.h */,
				6A9BF1FB1F5CE65E001064CD /* MyIssueTableViewCell.m */,
			);
			name = MyInfo;
			sourceTree = "<group>";
		};
		B2A2D7291F4AF3FD001D6B81 /* Login */ = {
			isa = PBXGroup;
			children = (
				B2A2D7201F4AF373001D6B81 /* Login.storyboard */,
			);
			name = Login;
			sourceTree = "<group>";
		};
		B2A2D72A1F4AF415001D6B81 /* Launch */ = {
			isa = PBXGroup;
			children = (
				B2BD3E401F4AA201002C6B98 /* LaunchScreen.storyboard */,
			);
			name = Launch;
			sourceTree = "<group>";
		};
		B2A2D72B1F4AFB07001D6B81 /* Controller */ = {
			isa = PBXGroup;
			children = (
				B230165B1F5CD9B900624C04 /* Aviation */,
				B24021051F5929C800E4D00E /* QuoteListViewController */,
				B2A2D72F1F4AFBD2001D6B81 /* HotelViewController */,
				B2A2D72E1F4AFB8D001D6B81 /* DetailViewController */,
				B2A2D72D1F4AFB82001D6B81 /* LoginViewController */,
				B2A2D72C1F4AFB45001D6B81 /* MyInfoViewController */,
			);
			path = Controller;
			sourceTree = "<group>";
		};
		B2A2D72C1F4AFB45001D6B81 /* MyInfoViewController */ = {
			isa = PBXGroup;
			children = (
				B2A2D7301F4AFC20001D6B81 /* MyInfoViewController.h */,
				B2A2D7311F4AFC20001D6B81 /* MyInfoViewController.m */,
				B2A2D7331F4B066E001D6B81 /* AccountSettingViewController.h */,
				B2A2D7341F4B066E001D6B81 /* AccountSettingViewController.m */,
				B2A2D7361F4B06A1001D6B81 /* AgreementViewController.h */,
				B2A2D7371F4B06A1001D6B81 /* AgreementViewController.m */,
				B2A2D7391F4B06C4001D6B81 /* MyHotelViewController.h */,
				B2A2D73A1F4B06C4001D6B81 /* MyHotelViewController.m */,
				B224DBB21F4C4D370022C007 /* AirViewController.h */,
				B224DBB31F4C4D370022C007 /* AirViewController.m */,
			);
			name = MyInfoViewController;
			sourceTree = "<group>";
		};
		B2A2D72D1F4AFB82001D6B81 /* LoginViewController */ = {
			isa = PBXGroup;
			children = (
				844E869B1F4B12C20080C2ED /* LoginViewController.h */,
				844E869C1F4B12C20080C2ED /* LoginViewController.m */,
				844E869E1F4B12E20080C2ED /* SignInViewController.h */,
				844E869F1F4B12E20080C2ED /* SignInViewController.m */,
			);
			name = LoginViewController;
			sourceTree = "<group>";
		};
		B2A2D72E1F4AFB8D001D6B81 /* DetailViewController */ = {
			isa = PBXGroup;
			children = (
				B2E555071F4AF70700D314C0 /* DetailViewController.h */,
				B2E555081F4AF70700D314C0 /* DetailViewController.m */,
				B2F076211F4D18DB0074C80C /* zhifuViewController.h */,
				B2F076221F4D18DB0074C80C /* zhifuViewController.m */,
				B2F076241F4DA24A0074C80C /* weiliaoViewController.h */,
				B2F076251F4DA24A0074C80C /* weiliaoViewController.m */,
				B2F076271F4DA3A10074C80C /* dituViewController.h */,
				B2F076281F4DA3A10074C80C /* dituViewController.m */,
			);
			name = DetailViewController;
			sourceTree = "<group>";
		};
		B2A2D72F1F4AFBD2001D6B81 /* HotelViewController */ = {
			isa = PBXGroup;
			children = (
				6A958D651F4D1856008C2A7D /* HotelViewController.h */,
				6A958D661F4D1856008C2A7D /* HotelViewController.m */,
				6A88EF621F4FE75A00EAFC64 /* CityListViewController.h */,
				6A88EF631F4FE75A00EAFC64 /* CityListViewController.m */,
			);
			name = HotelViewController;
			sourceTree = "<group>";
		};
		B2BD3E231F4AA201002C6B98 = {
			isa = PBXGroup;
			children = (
				B2BD3E2E1F4AA201002C6B98 /* GetHotels */,
				B2BD3E4B1F4AA201002C6B98 /* GetHotelsTests */,
				B2BD3E561F4AA201002C6B98 /* GetHotelsUITests */,
				B2BD3E2D1F4AA201002C6B98 /* Products */,
				8B8B317C5CD4D177C040D800 /* Pods */,
				FAD6FEFC89CC80A05647D01D /* Frameworks */,
			);
			sourceTree = "<group>";
		};
		B2BD3E2D1F4AA201002C6B98 /* Products */ = {
			isa = PBXGroup;
			children = (
				B2BD3E2C1F4AA201002C6B98 /* GetHotels.app */,
				B2BD3E481F4AA201002C6B98 /* GetHotelsTests.xctest */,
				B2BD3E531F4AA201002C6B98 /* GetHotelsUITests.xctest */,
			);
			name = Products;
			sourceTree = "<group>";
		};
		B2BD3E2E1F4AA201002C6B98 /* GetHotels */ = {
			isa = PBXGroup;
			children = (
				B2BD3E681F4AA430002C6B98 /* Model */,
				B2BD3E711F4AA439002C6B98 /* View */,
				B2A2D72B1F4AFB07001D6B81 /* Controller */,
				B2BD3E6C1F4AA439002C6B98 /* 3rd */,
				B2BD3E701F4AA439002C6B98 /* Utlity */,
				B2BD3E661F4AA430002C6B98 /* Constant */,
				B2BD3E2F1F4AA201002C6B98 /* Supporting Files */,
			);
			path = GetHotels;
			sourceTree = "<group>";
		};
		B2BD3E2F1F4AA201002C6B98 /* Supporting Files */ = {
			isa = PBXGroup;
			children = (
				B2C913431F4D19DD00AAC60A /* agreement.txt */,
				B2BD3E431F4AA201002C6B98 /* Info.plist */,
				B224DB9C1F4C33D90022C007 /* Cities.plist */,
				B2BD3E321F4AA201002C6B98 /* AppDelegate.h */,
				B2BD3E331F4AA201002C6B98 /* AppDelegate.m */,
				B2BD3E301F4AA201002C6B98 /* main.m */,
				B2BD3E651F4AA406002C6B98 /* PrefixHeader.pch */,
			);
			name = "Supporting Files";
			sourceTree = "<group>";
		};
		B2BD3E4B1F4AA201002C6B98 /* GetHotelsTests */ = {
			isa = PBXGroup;
			children = (
				B2BD3E4C1F4AA201002C6B98 /* GetHotelsTests.m */,
				B2BD3E4E1F4AA201002C6B98 /* Info.plist */,
			);
			path = GetHotelsTests;
			sourceTree = "<group>";
		};
		B2BD3E561F4AA201002C6B98 /* GetHotelsUITests */ = {
			isa = PBXGroup;
			children = (
				B2BD3E571F4AA201002C6B98 /* GetHotelsUITests.m */,
				B2BD3E591F4AA201002C6B98 /* Info.plist */,
			);
			path = GetHotelsUITests;
			sourceTree = "<group>";
		};
		B2BD3E661F4AA430002C6B98 /* Constant */ = {
			isa = PBXGroup;
			children = (
				B2BD3E9E1F4AA500002C6B98 /* Constants.h */,
			);
			path = Constant;
			sourceTree = "<group>";
		};
		B2BD3E681F4AA430002C6B98 /* Model */ = {
			isa = PBXGroup;
			children = (
				B2E9BB7C1F4FB39E0064B303 /* detail */,
				6AB8B9591F4E7E5F00E45E61 /* AAndHModel.h */,
				6AB8B95A1F4E7E5F00E45E61 /* AAndHModel.m */,
				B224DBAC1F4C34E00022C007 /* Order.h */,
				B224DBAD1F4C34E00022C007 /* Order.m */,
				B2BD3E9F1F4AA59D002C6B98 /* GetHotels.xcdatamodeld */,
				B21E85381F4E622F00C32754 /* UserModel.h */,
				B21E85391F4E622F00C32754 /* UserModel.m */,
				6AB8B95F1F4E994600E45E61 /* CityListModel.h */,
				6AB8B9601F4E994600E45E61 /* CityListModel.m */,
				848DEF1B1F4EEE2100D03E45 /* HotelOrdersModel.h */,
				848DEF1C1F4EEE2100D03E45 /* HotelOrdersModel.m */,
				6A92F1AD1F60E0C000059F44 /* MyAviationModel.h */,
				6A92F1AE1F60E0C000059F44 /* MyAviationModel.m */,
			);
			path = Model;
			sourceTree = "<group>";
		};
		B2BD3E6C1F4AA439002C6B98 /* 3rd */ = {
			isa = PBXGroup;
			children = (
				6A88EF6B1F50248C00EAFC64 /* DOPDropDownMenu - Enhanced */,
				B2BD3E901F4AA4F7002C6B98 /* HMSegmentedControl */,
				B2BD3E931F4AA4F7002C6B98 /* SKTagView */,
				B2BD3E6D1F4AA439002C6B98 /* SCZ-BasicEncodingRules */,
			);
			path = 3rd;
			sourceTree = "<group>";
		};
		B2BD3E6D1F4AA439002C6B98 /* SCZ-BasicEncodingRules */ = {
			isa = PBXGroup;
			children = (
				B2BD3E6E1F4AA439002C6B98 /* BasicEncodingRules.h */,
				B2BD3E6F1F4AA439002C6B98 /* BasicEncodingRules.m */,
			);
			path = "SCZ-BasicEncodingRules";
			sourceTree = "<group>";
		};
		B2BD3E701F4AA439002C6B98 /* Utlity */ = {
			isa = PBXGroup;
			children = (
				B224DB771F4C33910022C007 /* AliMgr */,
				B224DB7B1F4C33910022C007 /* AliUtil */,
				B224DB8D1F4C33910022C007 /* JSONS.h */,
				B224DB8E1F4C33910022C007 /* JSONS.m */,
				B2BD3E751F4AA4EF002C6B98 /* AppAPIClient.h */,
				B2BD3E761F4AA4EF002C6B98 /* AppAPIClient.m */,
				B2BD3E771F4AA4EF002C6B98 /* ErrorHandler.h */,
				B2BD3E781F4AA4EF002C6B98 /* ErrorHandler.m */,
				B2BD3E791F4AA4EF002C6B98 /* NSData+Base64.h */,
				B2BD3E7A1F4AA4EF002C6B98 /* NSData+Base64.m */,
				B2BD3E7B1F4AA4EF002C6B98 /* NSDate+Utility.h */,
				B2BD3E7C1F4AA4EF002C6B98 /* NSDate+Utility.m */,
				B2BD3E7D1F4AA4EF002C6B98 /* NSDateFormatter+Category.h */,
				B2BD3E7E1F4AA4EF002C6B98 /* NSDateFormatter+Category.m */,
				B2BD3E7F1F4AA4EF002C6B98 /* NSString+Crypt.h */,
				B2BD3E801F4AA4EF002C6B98 /* NSString+Crypt.m */,
				B2BD3E811F4AA4EF002C6B98 /* RequestAPI.h */,
				B2BD3E821F4AA4EF002C6B98 /* RequestAPI.m */,
				B2BD3E831F4AA4EF002C6B98 /* StorageMgr.h */,
				B2BD3E841F4AA4EF002C6B98 /* StorageMgr.m */,
				B2BD3E851F4AA4EF002C6B98 /* Utilities.h */,
				B2BD3E861F4AA4EF002C6B98 /* Utilities.m */,
			);
			path = Utlity;
			sourceTree = "<group>";
		};
		B2BD3E711F4AA439002C6B98 /* View */ = {
			isa = PBXGroup;
			children = (
				B2A2D7291F4AF3FD001D6B81 /* Login */,
				B2A2D7281F4AF3F6001D6B81 /* MyInfo */,
				B2A2D7271F4AF3ED001D6B81 /* Main */,
				B2A2D7261F4AF3DF001D6B81 /* Detail */,
				B2A2D7251F4AF3D2001D6B81 /* Hotel */,
				B2A2D7241F4AF3C4001D6B81 /* Aviation */,
				B2A2D72A1F4AF415001D6B81 /* Launch */,
				B2BD3E721F4AA439002C6B98 /* Assets.xcassets */,
			);
			path = View;
			sourceTree = "<group>";
		};
		B2BD3E901F4AA4F7002C6B98 /* HMSegmentedControl */ = {
			isa = PBXGroup;
			children = (
				B2BD3E911F4AA4F7002C6B98 /* HMSegmentedControl.h */,
				B2BD3E921F4AA4F7002C6B98 /* HMSegmentedControl.m */,
			);
			path = HMSegmentedControl;
			sourceTree = "<group>";
		};
		B2BD3E931F4AA4F7002C6B98 /* SKTagView */ = {
			isa = PBXGroup;
			children = (
				B2BD3E941F4AA4F7002C6B98 /* SKTag.h */,
				B2BD3E951F4AA4F7002C6B98 /* SKTag.m */,
				B2BD3E961F4AA4F7002C6B98 /* SKTagButton.h */,
				B2BD3E971F4AA4F7002C6B98 /* SKTagButton.m */,
				B2BD3E981F4AA4F7002C6B98 /* SKTagView.h */,
				B2BD3E991F4AA4F7002C6B98 /* SKTagView.m */,
			);
			path = SKTagView;
			sourceTree = "<group>";
		};
		B2E9BB7C1F4FB39E0064B303 /* detail */ = {
			isa = PBXGroup;
			children = (
				B2E9BB7D1F4FB4200064B303 /* detailModel.h */,
				B2E9BB7E1F4FB4200064B303 /* detailModel.m */,
			);
			name = detail;
			sourceTree = "<group>";
		};
		FAD6FEFC89CC80A05647D01D /* Frameworks */ = {
			isa = PBXGroup;
			children = (
				B224DBAA1F4C343E0022C007 /* CoreTelephony.framework */,
				B224DBA81F4C34300022C007 /* CoreMotion.framework */,
				B224DBA61F4C341C0022C007 /* libz.tbd */,
				B224DB9E1F4C34000022C007 /* AlipaySDK.bundle */,
				B224DB9F1F4C34000022C007 /* AlipaySDK.framework */,
				B224DBA01F4C34000022C007 /* libcrypto.a */,
				B224DBA11F4C34000022C007 /* libssl.a */,
				B2BD3EA21F4AA5DB002C6B98 /* Openssl.framework */,
				91A29EB61D066B9FD83C2A3C /* libPods-GetHotels.a */,
			);
			name = Frameworks;
			sourceTree = "<group>";
		};
/* End PBXGroup section */

/* Begin PBXNativeTarget section */
		B2BD3E2B1F4AA201002C6B98 /* GetHotels */ = {
			isa = PBXNativeTarget;
			buildConfigurationList = B2BD3E5C1F4AA201002C6B98 /* Build configuration list for PBXNativeTarget "GetHotels" */;
			buildPhases = (
				27BB3FBC4F0EF1D6D08BE6F3 /* [CP] Check Pods Manifest.lock */,
				B2BD3E281F4AA201002C6B98 /* Sources */,
				B2BD3E291F4AA201002C6B98 /* Frameworks */,
				B2BD3E2A1F4AA201002C6B98 /* Resources */,
				AD907954E599D3AA0CF72805 /* [CP] Embed Pods Frameworks */,
				CDB10E1C93FC4CC2AE03B0F5 /* [CP] Copy Pods Resources */,
			);
			buildRules = (
			);
			dependencies = (
			);
			name = GetHotels;
			productName = GetHotels;
			productReference = B2BD3E2C1F4AA201002C6B98 /* GetHotels.app */;
			productType = "com.apple.product-type.application";
		};
		B2BD3E471F4AA201002C6B98 /* GetHotelsTests */ = {
			isa = PBXNativeTarget;
			buildConfigurationList = B2BD3E5F1F4AA201002C6B98 /* Build configuration list for PBXNativeTarget "GetHotelsTests" */;
			buildPhases = (
				B2BD3E441F4AA201002C6B98 /* Sources */,
				B2BD3E451F4AA201002C6B98 /* Frameworks */,
				B2BD3E461F4AA201002C6B98 /* Resources */,
			);
			buildRules = (
			);
			dependencies = (
				B2BD3E4A1F4AA201002C6B98 /* PBXTargetDependency */,
			);
			name = GetHotelsTests;
			productName = GetHotelsTests;
			productReference = B2BD3E481F4AA201002C6B98 /* GetHotelsTests.xctest */;
			productType = "com.apple.product-type.bundle.unit-test";
		};
		B2BD3E521F4AA201002C6B98 /* GetHotelsUITests */ = {
			isa = PBXNativeTarget;
			buildConfigurationList = B2BD3E621F4AA201002C6B98 /* Build configuration list for PBXNativeTarget "GetHotelsUITests" */;
			buildPhases = (
				B2BD3E4F1F4AA201002C6B98 /* Sources */,
				B2BD3E501F4AA201002C6B98 /* Frameworks */,
				B2BD3E511F4AA201002C6B98 /* Resources */,
			);
			buildRules = (
			);
			dependencies = (
				B2BD3E551F4AA201002C6B98 /* PBXTargetDependency */,
			);
			name = GetHotelsUITests;
			productName = GetHotelsUITests;
			productReference = B2BD3E531F4AA201002C6B98 /* GetHotelsUITests.xctest */;
			productType = "com.apple.product-type.bundle.ui-testing";
		};
/* End PBXNativeTarget section */

/* Begin PBXProject section */
		B2BD3E241F4AA201002C6B98 /* Project object */ = {
			isa = PBXProject;
			attributes = {
				LastUpgradeCheck = 0830;
				ORGANIZATIONNAME = "Yixin studio";
				TargetAttributes = {
					B2BD3E2B1F4AA201002C6B98 = {
						CreatedOnToolsVersion = 8.3.3;
						ProvisioningStyle = Automatic;
					};
					B2BD3E471F4AA201002C6B98 = {
						CreatedOnToolsVersion = 8.3.3;
						ProvisioningStyle = Automatic;
						TestTargetID = B2BD3E2B1F4AA201002C6B98;
					};
					B2BD3E521F4AA201002C6B98 = {
						CreatedOnToolsVersion = 8.3.3;
						ProvisioningStyle = Automatic;
						TestTargetID = B2BD3E2B1F4AA201002C6B98;
					};
				};
			};
			buildConfigurationList = B2BD3E271F4AA201002C6B98 /* Build configuration list for PBXProject "GetHotels" */;
			compatibilityVersion = "Xcode 3.2";
			developmentRegion = English;
			hasScannedForEncodings = 0;
			knownRegions = (
				en,
				Base,
			);
			mainGroup = B2BD3E231F4AA201002C6B98;
			productRefGroup = B2BD3E2D1F4AA201002C6B98 /* Products */;
			projectDirPath = "";
			projectRoot = "";
			targets = (
				B2BD3E2B1F4AA201002C6B98 /* GetHotels */,
				B2BD3E471F4AA201002C6B98 /* GetHotelsTests */,
				B2BD3E521F4AA201002C6B98 /* GetHotelsUITests */,
			);
		};
/* End PBXProject section */

/* Begin PBXResourcesBuildPhase section */
		B2BD3E2A1F4AA201002C6B98 /* Resources */ = {
			isa = PBXResourcesBuildPhase;
			buildActionMask = 2147483647;
			files = (
				B2A2D7221F4AF373001D6B81 /* Login.storyboard in Resources */,
				B2BD3E421F4AA201002C6B98 /* LaunchScreen.storyboard in Resources */,
				B2BD3EB31F4ACBA0002C6B98 /* Aviation.storyboard in Resources */,
				B2BD3E741F4AA439002C6B98 /* Assets.xcassets in Resources */,
				B224DB9D1F4C33D90022C007 /* Cities.plist in Resources */,
				B2BD3EB51F4ACBA0002C6B98 /* MyInfo.storyboard in Resources */,
				B2A2D71F1F4AF35B001D6B81 /* Deatil.storyboard in Resources */,
				B21B6C071F52A97D002F2277 /* Hotel.storyboard in Resources */,
				B2BD3E3A1F4AA201002C6B98 /* Main.storyboard in Resources */,
				B2C913441F4D19DD00AAC60A /* agreement.txt in Resources */,
			);
			runOnlyForDeploymentPostprocessing = 0;
		};
		B2BD3E461F4AA201002C6B98 /* Resources */ = {
			isa = PBXResourcesBuildPhase;
			buildActionMask = 2147483647;
			files = (
			);
			runOnlyForDeploymentPostprocessing = 0;
		};
		B2BD3E511F4AA201002C6B98 /* Resources */ = {
			isa = PBXResourcesBuildPhase;
			buildActionMask = 2147483647;
			files = (
			);
			runOnlyForDeploymentPostprocessing = 0;
		};
/* End PBXResourcesBuildPhase section */

/* Begin PBXShellScriptBuildPhase section */
		27BB3FBC4F0EF1D6D08BE6F3 /* [CP] Check Pods Manifest.lock */ = {
			isa = PBXShellScriptBuildPhase;
			buildActionMask = 2147483647;
			files = (
			);
			inputPaths = (
			);
			name = "[CP] Check Pods Manifest.lock";
			outputPaths = (
			);
			runOnlyForDeploymentPostprocessing = 0;
			shellPath = /bin/sh;
			shellScript = "diff \"${PODS_PODFILE_DIR_PATH}/Podfile.lock\" \"${PODS_ROOT}/Manifest.lock\" > /dev/null\nif [ $? != 0 ] ; then\n    # print error to STDERR\n    echo \"error: The sandbox is not in sync with the Podfile.lock. Run 'pod install' or update your CocoaPods installation.\" >&2\n    exit 1\nfi\n";
			showEnvVarsInLog = 0;
		};
		AD907954E599D3AA0CF72805 /* [CP] Embed Pods Frameworks */ = {
			isa = PBXShellScriptBuildPhase;
			buildActionMask = 2147483647;
			files = (
			);
			inputPaths = (
			);
			name = "[CP] Embed Pods Frameworks";
			outputPaths = (
			);
			runOnlyForDeploymentPostprocessing = 0;
			shellPath = /bin/sh;
			shellScript = "\"${SRCROOT}/Pods/Target Support Files/Pods-GetHotels/Pods-GetHotels-frameworks.sh\"\n";
			showEnvVarsInLog = 0;
		};
		CDB10E1C93FC4CC2AE03B0F5 /* [CP] Copy Pods Resources */ = {
			isa = PBXShellScriptBuildPhase;
			buildActionMask = 2147483647;
			files = (
			);
			inputPaths = (
			);
			name = "[CP] Copy Pods Resources";
			outputPaths = (
			);
			runOnlyForDeploymentPostprocessing = 0;
			shellPath = /bin/sh;
			shellScript = "\"${SRCROOT}/Pods/Target Support Files/Pods-GetHotels/Pods-GetHotels-resources.sh\"\n";
			showEnvVarsInLog = 0;
		};
/* End PBXShellScriptBuildPhase section */

/* Begin PBXSourcesBuildPhase section */
		B2BD3E281F4AA201002C6B98 /* Sources */ = {
			isa = PBXSourcesBuildPhase;
			buildActionMask = 2147483647;
			files = (
				B2BD3E881F4AA4EF002C6B98 /* ErrorHandler.m in Sources */,
				B2BD3EA11F4AA59D002C6B98 /* GetHotels.xcdatamodeld in Sources */,
				B224DB981F4C33910022C007 /* RSADataSigner.m in Sources */,
				B2BD3E8C1F4AA4EF002C6B98 /* NSString+Crypt.m in Sources */,
				B2BD3E871F4AA4EF002C6B98 /* AppAPIClient.m in Sources */,
				848DEF1D1F4EEE2100D03E45 /* HotelOrdersModel.m in Sources */,
				B2A2D7321F4AFC20001D6B81 /* MyInfoViewController.m in Sources */,
				B2BD3E731F4AA439002C6B98 /* BasicEncodingRules.m in Sources */,
				6A7C04911F4B15FC003D72FB /* HotelTableViewCell.m in Sources */,
				B2E9BB7F1F4FB4200064B303 /* detailModel.m in Sources */,
				6A88EF6E1F50248C00EAFC64 /* DOPDropDownMenu.m in Sources */,
				B230165E1F5CD9ED00624C04 /* aviationViewController.m in Sources */,
				B2F076261F4DA24A0074C80C /* weiliaoViewController.m in Sources */,
				B25393381F5A4B9A002C8208 /* QuoteListViewController.m in Sources */,
				B224DB951F4C33910022C007 /* MD5DataSigner.m in Sources */,
				6A88EF641F4FE75A00EAFC64 /* CityListViewController.m in Sources */,
				6A958D671F4D1856008C2A7D /* HotelViewController.m in Sources */,
				B224DBB41F4C4D370022C007 /* AirViewController.m in Sources */,
				B2BD3E8E1F4AA4EF002C6B98 /* StorageMgr.m in Sources */,
				B224DB991F4C33910022C007 /* RSADataVerifier.m in Sources */,
				6A92F1AF1F60E0C100059F44 /* MyAviationModel.m in Sources */,
				B2BD3E891F4AA4EF002C6B98 /* NSData+Base64.m in Sources */,
				6AB8B9611F4E994600E45E61 /* CityListModel.m in Sources */,
				B2F076291F4DA3A10074C80C /* dituViewController.m in Sources */,
				B2BD3E341F4AA201002C6B98 /* AppDelegate.m in Sources */,
				848DEF1A1F4EDD6600D03E45 /* ExpiredTableViewCell.m in Sources */,
				B224DB971F4C33910022C007 /* openssl_wrapper.m in Sources */,
				B224DB911F4C33910022C007 /* GBAlipayManager.m in Sources */,
				B2BD3E9A1F4AA4F7002C6B98 /* HMSegmentedControl.m in Sources */,
				B2BD3E8B1F4AA4EF002C6B98 /* NSDateFormatter+Category.m in Sources */,
				844E86A01F4B12E20080C2ED /* SignInViewController.m in Sources */,
				B224DB941F4C33910022C007 /* DataVerifier.m in Sources */,
				B2F076231F4D18DB0074C80C /* zhifuViewController.m in Sources */,
				6A9BF1FC1F5CE65E001064CD /* MyIssueTableViewCell.m in Sources */,
				B21E853A1F4E622F00C32754 /* UserModel.m in Sources */,
				B24021111F59443700E4D00E /* PayViewController.m in Sources */,
				B2BD3E8A1F4AA4EF002C6B98 /* NSDate+Utility.m in Sources */,
				B224DBB11F4C46110022C007 /* MyInfoTableViewCell.m in Sources */,
				B2E555091F4AF70700D314C0 /* DetailViewController.m in Sources */,
				B29E08601F5173F5001A0DD6 /* textCollectionViewCell.m in Sources */,
				B2BD3E9B1F4AA4F7002C6B98 /* SKTag.m in Sources */,
				B240210E1F592A8800E4D00E /* QuoteListTableViewCell.m in Sources */,
				B2BD3E8D1F4AA4EF002C6B98 /* RequestAPI.m in Sources */,
				B2BD3E8F1F4AA4EF002C6B98 /* Utilities.m in Sources */,
				B2A2D7351F4B066E001D6B81 /* AccountSettingViewController.m in Sources */,
				B2BD3E9D1F4AA4F7002C6B98 /* SKTagView.m in Sources */,
				B224DB9A1F4C33910022C007 /* JSONS.m in Sources */,
				848DEF111F4EDD0B00D03E45 /* AllOrdersTableViewCell.m in Sources */,
				6AB8B95B1F4E7E5F00E45E61 /* AAndHModel.m in Sources */,
				B2BD3E9C1F4AA4F7002C6B98 /* SKTagButton.m in Sources */,
				B2BD3E311F4AA201002C6B98 /* main.m in Sources */,
				B224DB931F4C33910022C007 /* DataSigner.m in Sources */,
				B224DB921F4C33910022C007 /* base64.m in Sources */,
				B2A2D73B1F4B06C4001D6B81 /* MyHotelViewController.m in Sources */,
				B224DBAE1F4C34E00022C007 /* Order.m in Sources */,
				B224DB961F4C33910022C007 /* NSDataEx.m in Sources */,
				844E869D1F4B12C20080C2ED /* LoginViewController.m in Sources */,
				848DEF171F4EDD4F00D03E45 /* AvailableTableViewCell.m in Sources */,
				B2A2D7381F4B06A1001D6B81 /* AgreementViewController.m in Sources */,
			);
			runOnlyForDeploymentPostprocessing = 0;
		};
		B2BD3E441F4AA201002C6B98 /* Sources */ = {
			isa = PBXSourcesBuildPhase;
			buildActionMask = 2147483647;
			files = (
				B2BD3E4D1F4AA201002C6B98 /* GetHotelsTests.m in Sources */,
			);
			runOnlyForDeploymentPostprocessing = 0;
		};
		B2BD3E4F1F4AA201002C6B98 /* Sources */ = {
			isa = PBXSourcesBuildPhase;
			buildActionMask = 2147483647;
			files = (
				B2BD3E581F4AA201002C6B98 /* GetHotelsUITests.m in Sources */,
			);
			runOnlyForDeploymentPostprocessing = 0;
		};
/* End PBXSourcesBuildPhase section */

/* Begin PBXTargetDependency section */
		B2BD3E4A1F4AA201002C6B98 /* PBXTargetDependency */ = {
			isa = PBXTargetDependency;
			target = B2BD3E2B1F4AA201002C6B98 /* GetHotels */;
			targetProxy = B2BD3E491F4AA201002C6B98 /* PBXContainerItemProxy */;
		};
		B2BD3E551F4AA201002C6B98 /* PBXTargetDependency */ = {
			isa = PBXTargetDependency;
			target = B2BD3E2B1F4AA201002C6B98 /* GetHotels */;
			targetProxy = B2BD3E541F4AA201002C6B98 /* PBXContainerItemProxy */;
		};
/* End PBXTargetDependency section */

/* Begin PBXVariantGroup section */
		B2A2D71D1F4AF35B001D6B81 /* Deatil.storyboard */ = {
			isa = PBXVariantGroup;
			children = (
				B2A2D71E1F4AF35B001D6B81 /* Base */,
			);
			name = Deatil.storyboard;
			sourceTree = "<group>";
		};
		B2A2D7201F4AF373001D6B81 /* Login.storyboard */ = {
			isa = PBXVariantGroup;
			children = (
				B2A2D7211F4AF373001D6B81 /* Base */,
			);
			name = Login.storyboard;
			sourceTree = "<group>";
		};
		B2BD3E381F4AA201002C6B98 /* Main.storyboard */ = {
			isa = PBXVariantGroup;
			children = (
				B2BD3E391F4AA201002C6B98 /* Base */,
			);
			name = Main.storyboard;
			path = ..;
			sourceTree = "<group>";
		};
		B2BD3E401F4AA201002C6B98 /* LaunchScreen.storyboard */ = {
			isa = PBXVariantGroup;
			children = (
				B2BD3E411F4AA201002C6B98 /* Base */,
			);
			name = LaunchScreen.storyboard;
			path = ..;
			sourceTree = "<group>";
		};
		B2BD3EAD1F4ACBA0002C6B98 /* Aviation.storyboard */ = {
			isa = PBXVariantGroup;
			children = (
				B2BD3EAE1F4ACBA0002C6B98 /* Base */,
			);
			name = Aviation.storyboard;
			sourceTree = "<group>";
		};
		B2BD3EB11F4ACBA0002C6B98 /* MyInfo.storyboard */ = {
			isa = PBXVariantGroup;
			children = (
				B2BD3EB21F4ACBA0002C6B98 /* Base */,
			);
			name = MyInfo.storyboard;
			sourceTree = "<group>";
		};
/* End PBXVariantGroup section */

/* Begin XCBuildConfiguration section */
		B2BD3E5A1F4AA201002C6B98 /* Debug */ = {
			isa = XCBuildConfiguration;
			buildSettings = {
				ALWAYS_SEARCH_USER_PATHS = NO;
				CLANG_ANALYZER_NONNULL = YES;
				CLANG_ANALYZER_NUMBER_OBJECT_CONVERSION = YES_AGGRESSIVE;
				CLANG_CXX_LANGUAGE_STANDARD = "gnu++0x";
				CLANG_CXX_LIBRARY = "libc++";
				CLANG_ENABLE_MODULES = YES;
				CLANG_ENABLE_OBJC_ARC = YES;
				CLANG_WARN_BOOL_CONVERSION = YES;
				CLANG_WARN_CONSTANT_CONVERSION = YES;
				CLANG_WARN_DIRECT_OBJC_ISA_USAGE = YES_ERROR;
				CLANG_WARN_DOCUMENTATION_COMMENTS = YES;
				CLANG_WARN_EMPTY_BODY = YES;
				CLANG_WARN_ENUM_CONVERSION = YES;
				CLANG_WARN_INFINITE_RECURSION = YES;
				CLANG_WARN_INT_CONVERSION = YES;
				CLANG_WARN_OBJC_ROOT_CLASS = YES_ERROR;
				CLANG_WARN_SUSPICIOUS_MOVE = YES;
				CLANG_WARN_UNREACHABLE_CODE = YES;
				CLANG_WARN__DUPLICATE_METHOD_MATCH = YES;
				"CODE_SIGN_IDENTITY[sdk=iphoneos*]" = "iPhone Developer";
				COPY_PHASE_STRIP = NO;
				DEBUG_INFORMATION_FORMAT = dwarf;
				ENABLE_STRICT_OBJC_MSGSEND = YES;
				ENABLE_TESTABILITY = YES;
				GCC_C_LANGUAGE_STANDARD = gnu99;
				GCC_DYNAMIC_NO_PIC = NO;
				GCC_NO_COMMON_BLOCKS = YES;
				GCC_OPTIMIZATION_LEVEL = 0;
				GCC_PREPROCESSOR_DEFINITIONS = (
					"DEBUG=1",
					"$(inherited)",
				);
				GCC_WARN_64_TO_32_BIT_CONVERSION = YES;
				GCC_WARN_ABOUT_RETURN_TYPE = YES_ERROR;
				GCC_WARN_UNDECLARED_SELECTOR = YES;
				GCC_WARN_UNINITIALIZED_AUTOS = YES_AGGRESSIVE;
				GCC_WARN_UNUSED_FUNCTION = YES;
				GCC_WARN_UNUSED_VARIABLE = YES;
				IPHONEOS_DEPLOYMENT_TARGET = 10.3;
				MTL_ENABLE_DEBUG_INFO = YES;
				ONLY_ACTIVE_ARCH = YES;
				SDKROOT = iphoneos;
				TARGETED_DEVICE_FAMILY = "1,2";
			};
			name = Debug;
		};
		B2BD3E5B1F4AA201002C6B98 /* Release */ = {
			isa = XCBuildConfiguration;
			buildSettings = {
				ALWAYS_SEARCH_USER_PATHS = NO;
				CLANG_ANALYZER_NONNULL = YES;
				CLANG_ANALYZER_NUMBER_OBJECT_CONVERSION = YES_AGGRESSIVE;
				CLANG_CXX_LANGUAGE_STANDARD = "gnu++0x";
				CLANG_CXX_LIBRARY = "libc++";
				CLANG_ENABLE_MODULES = YES;
				CLANG_ENABLE_OBJC_ARC = YES;
				CLANG_WARN_BOOL_CONVERSION = YES;
				CLANG_WARN_CONSTANT_CONVERSION = YES;
				CLANG_WARN_DIRECT_OBJC_ISA_USAGE = YES_ERROR;
				CLANG_WARN_DOCUMENTATION_COMMENTS = YES;
				CLANG_WARN_EMPTY_BODY = YES;
				CLANG_WARN_ENUM_CONVERSION = YES;
				CLANG_WARN_INFINITE_RECURSION = YES;
				CLANG_WARN_INT_CONVERSION = YES;
				CLANG_WARN_OBJC_ROOT_CLASS = YES_ERROR;
				CLANG_WARN_SUSPICIOUS_MOVE = YES;
				CLANG_WARN_UNREACHABLE_CODE = YES;
				CLANG_WARN__DUPLICATE_METHOD_MATCH = YES;
				"CODE_SIGN_IDENTITY[sdk=iphoneos*]" = "iPhone Developer";
				COPY_PHASE_STRIP = NO;
				DEBUG_INFORMATION_FORMAT = "dwarf-with-dsym";
				ENABLE_NS_ASSERTIONS = NO;
				ENABLE_STRICT_OBJC_MSGSEND = YES;
				GCC_C_LANGUAGE_STANDARD = gnu99;
				GCC_NO_COMMON_BLOCKS = YES;
				GCC_WARN_64_TO_32_BIT_CONVERSION = YES;
				GCC_WARN_ABOUT_RETURN_TYPE = YES_ERROR;
				GCC_WARN_UNDECLARED_SELECTOR = YES;
				GCC_WARN_UNINITIALIZED_AUTOS = YES_AGGRESSIVE;
				GCC_WARN_UNUSED_FUNCTION = YES;
				GCC_WARN_UNUSED_VARIABLE = YES;
				IPHONEOS_DEPLOYMENT_TARGET = 10.3;
				MTL_ENABLE_DEBUG_INFO = NO;
				SDKROOT = iphoneos;
				TARGETED_DEVICE_FAMILY = "1,2";
				VALIDATE_PRODUCT = YES;
			};
			name = Release;
		};
		B2BD3E5D1F4AA201002C6B98 /* Debug */ = {
			isa = XCBuildConfiguration;
			baseConfigurationReference = 87E248321E9C674FE6281D42 /* Pods-GetHotels.debug.xcconfig */;
			buildSettings = {
				ASSETCATALOG_COMPILER_APPICON_NAME = AppIcon;
				FRAMEWORK_SEARCH_PATHS = (
					"$(inherited)",
					"$(PROJECT_DIR)/GetHotels",
				);
				GCC_PRECOMPILE_PREFIX_HEADER = YES;
				GCC_PREFIX_HEADER = GetHotels/PrefixHeader.pch;
				INFOPLIST_FILE = GetHotels/Info.plist;
				LD_RUNPATH_SEARCH_PATHS = "$(inherited) @executable_path/Frameworks";
				LIBRARY_SEARCH_PATHS = (
					"$(inherited)",
					"$(PROJECT_DIR)/GetHotels",
				);
				PRODUCT_BUNDLE_IDENTIFIER = self.yixin.GetHotels;
				PRODUCT_NAME = "$(TARGET_NAME)";
			};
			name = Debug;
		};
		B2BD3E5E1F4AA201002C6B98 /* Release */ = {
			isa = XCBuildConfiguration;
			baseConfigurationReference = 3B7B4C9DBECEE4870F284CD1 /* Pods-GetHotels.release.xcconfig */;
			buildSettings = {
				ASSETCATALOG_COMPILER_APPICON_NAME = AppIcon;
				FRAMEWORK_SEARCH_PATHS = (
					"$(inherited)",
					"$(PROJECT_DIR)/GetHotels",
				);
				GCC_PRECOMPILE_PREFIX_HEADER = YES;
				GCC_PREFIX_HEADER = GetHotels/PrefixHeader.pch;
				INFOPLIST_FILE = GetHotels/Info.plist;
				LD_RUNPATH_SEARCH_PATHS = "$(inherited) @executable_path/Frameworks";
				LIBRARY_SEARCH_PATHS = (
					"$(inherited)",
					"$(PROJECT_DIR)/GetHotels",
				);
				PRODUCT_BUNDLE_IDENTIFIER = self.yixin.GetHotels;
				PRODUCT_NAME = "$(TARGET_NAME)";
			};
			name = Release;
		};
		B2BD3E601F4AA201002C6B98 /* Debug */ = {
			isa = XCBuildConfiguration;
			buildSettings = {
				BUNDLE_LOADER = "$(TEST_HOST)";
				INFOPLIST_FILE = GetHotelsTests/Info.plist;
				LD_RUNPATH_SEARCH_PATHS = "$(inherited) @executable_path/Frameworks @loader_path/Frameworks";
				PRODUCT_BUNDLE_IDENTIFIER = self.yixin.GetHotelsTests;
				PRODUCT_NAME = "$(TARGET_NAME)";
				TEST_HOST = "$(BUILT_PRODUCTS_DIR)/GetHotels.app/GetHotels";
			};
			name = Debug;
		};
		B2BD3E611F4AA201002C6B98 /* Release */ = {
			isa = XCBuildConfiguration;
			buildSettings = {
				BUNDLE_LOADER = "$(TEST_HOST)";
				INFOPLIST_FILE = GetHotelsTests/Info.plist;
				LD_RUNPATH_SEARCH_PATHS = "$(inherited) @executable_path/Frameworks @loader_path/Frameworks";
				PRODUCT_BUNDLE_IDENTIFIER = self.yixin.GetHotelsTests;
				PRODUCT_NAME = "$(TARGET_NAME)";
				TEST_HOST = "$(BUILT_PRODUCTS_DIR)/GetHotels.app/GetHotels";
			};
			name = Release;
		};
		B2BD3E631F4AA201002C6B98 /* Debug */ = {
			isa = XCBuildConfiguration;
			buildSettings = {
				INFOPLIST_FILE = GetHotelsUITests/Info.plist;
				LD_RUNPATH_SEARCH_PATHS = "$(inherited) @executable_path/Frameworks @loader_path/Frameworks";
				PRODUCT_BUNDLE_IDENTIFIER = self.yixin.GetHotelsUITests;
				PRODUCT_NAME = "$(TARGET_NAME)";
				TEST_TARGET_NAME = GetHotels;
			};
			name = Debug;
		};
		B2BD3E641F4AA201002C6B98 /* Release */ = {
			isa = XCBuildConfiguration;
			buildSettings = {
				INFOPLIST_FILE = GetHotelsUITests/Info.plist;
				LD_RUNPATH_SEARCH_PATHS = "$(inherited) @executable_path/Frameworks @loader_path/Frameworks";
				PRODUCT_BUNDLE_IDENTIFIER = self.yixin.GetHotelsUITests;
				PRODUCT_NAME = "$(TARGET_NAME)";
				TEST_TARGET_NAME = GetHotels;
			};
			name = Release;
		};
/* End XCBuildConfiguration section */

/* Begin XCConfigurationList section */
		B2BD3E271F4AA201002C6B98 /* Build configuration list for PBXProject "GetHotels" */ = {
			isa = XCConfigurationList;
			buildConfigurations = (
				B2BD3E5A1F4AA201002C6B98 /* Debug */,
				B2BD3E5B1F4AA201002C6B98 /* Release */,
			);
			defaultConfigurationIsVisible = 0;
			defaultConfigurationName = Release;
		};
		B2BD3E5C1F4AA201002C6B98 /* Build configuration list for PBXNativeTarget "GetHotels" */ = {
			isa = XCConfigurationList;
			buildConfigurations = (
				B2BD3E5D1F4AA201002C6B98 /* Debug */,
				B2BD3E5E1F4AA201002C6B98 /* Release */,
			);
			defaultConfigurationIsVisible = 0;
			defaultConfigurationName = Release;
		};
		B2BD3E5F1F4AA201002C6B98 /* Build configuration list for PBXNativeTarget "GetHotelsTests" */ = {
			isa = XCConfigurationList;
			buildConfigurations = (
				B2BD3E601F4AA201002C6B98 /* Debug */,
				B2BD3E611F4AA201002C6B98 /* Release */,
			);
			defaultConfigurationIsVisible = 0;
			defaultConfigurationName = Release;
		};
		B2BD3E621F4AA201002C6B98 /* Build configuration list for PBXNativeTarget "GetHotelsUITests" */ = {
			isa = XCConfigurationList;
			buildConfigurations = (
				B2BD3E631F4AA201002C6B98 /* Debug */,
				B2BD3E641F4AA201002C6B98 /* Release */,
			);
			defaultConfigurationIsVisible = 0;
			defaultConfigurationName = Release;
		};
/* End XCConfigurationList section */

/* Begin XCVersionGroup section */
		B2BD3E9F1F4AA59D002C6B98 /* GetHotels.xcdatamodeld */ = {
			isa = XCVersionGroup;
			children = (
				B2BD3EA01F4AA59D002C6B98 /* GetHotels.xcdatamodel */,
			);
			currentVersion = B2BD3EA01F4AA59D002C6B98 /* GetHotels.xcdatamodel */;
			path = GetHotels.xcdatamodeld;
			sourceTree = "<group>";
			versionGroupType = wrapper.xcdatamodel;
		};
/* End XCVersionGroup section */
	};
	rootObject = B2BD3E241F4AA201002C6B98 /* Project object */;
}
